// !$*UTF8*$!
{
	archiveVersion = 1;
	classes = {
	};
	objectVersion = 77;
	objects = {

/* Begin PBXBuildFile section */
		93012B2E2DCD1FCB0046F6AF /* MediaAttachmentPreview.swift in Sources */ = {isa = PBXBuildFile; fileRef = 93012B2D2DCD1FCB0046F6AF /* MediaAttachmentPreview.swift */; };
		9314B15F2DB5E62900B3E17D /* UserItem.swift in Sources */ = {isa = PBXBuildFile; fileRef = 9314B15E2DB5E62900B3E17D /* UserItem.swift */; };
		9314B1622DB5E69C00B3E17D /* FirebaseConstants.swift in Sources */ = {isa = PBXBuildFile; fileRef = 9314B1612DB5E69C00B3E17D /* FirebaseConstants.swift */; };
		9314BDBB2DCD4FD5005FD9F0 /* PhotosPickerItem+Extensions.swift in Sources */ = {isa = PBXBuildFile; fileRef = 9314BDBA2DCD4FD5005FD9F0 /* PhotosPickerItem+Extensions.swift */; };
		9314BDBD2DCD5423005FD9F0 /* MediaPickerItems_Types.swift in Sources */ = {isa = PBXBuildFile; fileRef = 9314BDBC2DCD5423005FD9F0 /* MediaPickerItems_Types.swift */; };
		9314BDBF2DCD546D005FD9F0 /* URL+Extensions.swift in Sources */ = {isa = PBXBuildFile; fileRef = 9314BDBE2DCD546D005FD9F0 /* URL+Extensions.swift */; };
		931DA3C42DBF20790035E069 /* GroupPartnerPickerScreen.swift in Sources */ = {isa = PBXBuildFile; fileRef = 931DA3C32DBF20790035E069 /* GroupPartnerPickerScreen.swift */; };
		931DA3C62DBF20A90035E069 /* SelectedChatPartnerView.swift in Sources */ = {isa = PBXBuildFile; fileRef = 931DA3C52DBF20A90035E069 /* SelectedChatPartnerView.swift */; };
		931DA3C82DBF23CD0035E069 /* NewGroupSetUpScreen.swift in Sources */ = {isa = PBXBuildFile; fileRef = 931DA3C72DBF23CD0035E069 /* NewGroupSetUpScreen.swift */; };
		93397DF42DCA694D00B25F2E /* Kingfisher in Frameworks */ = {isa = PBXBuildFile; productRef = 93397DF32DCA694D00B25F2E /* Kingfisher */; };
		93397DF72DCA6B5500B25F2E /* CircularProfileImageView.swift in Sources */ = {isa = PBXBuildFile; fileRef = 93397DF62DCA6B5500B25F2E /* CircularProfileImageView.swift */; };
		93397DF92DCA6FAE00B25F2E /* Date+Extensions.swift in Sources */ = {isa = PBXBuildFile; fileRef = 93397DF82DCA6FAE00B25F2E /* Date+Extensions.swift */; };
		938441752DCA1C370083DEE0 /* ChannelCreationTextView.swift in Sources */ = {isa = PBXBuildFile; fileRef = 938441742DCA1C370083DEE0 /* ChannelCreationTextView.swift */; };
		938441772DCA1CBB0083DEE0 /* AdminMessageTextView.swift in Sources */ = {isa = PBXBuildFile; fileRef = 938441762DCA1CBB0083DEE0 /* AdminMessageTextView.swift */; };
		938711132DC0A18E0051F65A /* ChannelItem.swift in Sources */ = {isa = PBXBuildFile; fileRef = 938711122DC0A18E0051F65A /* ChannelItem.swift */; };
		938711152DC0A5B70051F65A /* ChannelTabViewModel.swift in Sources */ = {isa = PBXBuildFile; fileRef = 938711142DC0A5B70051F65A /* ChannelTabViewModel.swift */; };
		938711182DC0A8ED0051F65A /* String+Extensions.swift in Sources */ = {isa = PBXBuildFile; fileRef = 938711172DC0A8ED0051F65A /* String+Extensions.swift */; };
		938E490D2DA7B5DD00AA7E36 /* FirebaseAuth in Frameworks */ = {isa = PBXBuildFile; productRef = 938E490C2DA7B5DD00AA7E36 /* FirebaseAuth */; };
		938E490F2DA7B5DD00AA7E36 /* FirebaseDatabase in Frameworks */ = {isa = PBXBuildFile; productRef = 938E490E2DA7B5DD00AA7E36 /* FirebaseDatabase */; };
		938E49112DA7B5DD00AA7E36 /* FirebaseMessaging in Frameworks */ = {isa = PBXBuildFile; productRef = 938E49102DA7B5DD00AA7E36 /* FirebaseMessaging */; };
		938E49132DA7B5DD00AA7E36 /* FirebaseStorage in Frameworks */ = {isa = PBXBuildFile; productRef = 938E49122DA7B5DD00AA7E36 /* FirebaseStorage */; };
		938E491A2DA7BF0700AA7E36 /* AuthProvider.swift in Sources */ = {isa = PBXBuildFile; fileRef = 938E49192DA7BF0700AA7E36 /* AuthProvider.swift */; };
		939294C52D9D7EB10090CBF9 /* LoginScreen.swift in Sources */ = {isa = PBXBuildFile; fileRef = 939294C42D9D7EB10090CBF9 /* LoginScreen.swift */; };
		939294C72D9D7ED50090CBF9 /* AuthHeaderView.swift in Sources */ = {isa = PBXBuildFile; fileRef = 939294C62D9D7ED50090CBF9 /* AuthHeaderView.swift */; };
		939294C92D9D7F1C0090CBF9 /* AuthTextField.swift in Sources */ = {isa = PBXBuildFile; fileRef = 939294C82D9D7F1C0090CBF9 /* AuthTextField.swift */; };
		939294CB2D9D7F440090CBF9 /* AuthButton.swift in Sources */ = {isa = PBXBuildFile; fileRef = 939294CA2D9D7F440090CBF9 /* AuthButton.swift */; };
		93B52EE22DBA0CD7006EC529 /* ChatPartnerRowView.swift in Sources */ = {isa = PBXBuildFile; fileRef = 93B52EE12DBA0CD7006EC529 /* ChatPartnerRowView.swift */; };
		93B52EE52DBA126D006EC529 /* GoogleService-Info.plist in Resources */ = {isa = PBXBuildFile; fileRef = 93B52EE42DBA126D006EC529 /* GoogleService-Info.plist */; };
		93C3375F2DC94AD700AEE806 /* ChatRoomViewModel.swift in Sources */ = {isa = PBXBuildFile; fileRef = 93C3375E2DC94AD700AEE806 /* ChatRoomViewModel.swift */; };
		93C337612DC9632100AEE806 /* MessageService.swift in Sources */ = {isa = PBXBuildFile; fileRef = 93C337602DC9632100AEE806 /* MessageService.swift */; };
		93C33AFA2DC018A50081E771 /* UserService.swift in Sources */ = {isa = PBXBuildFile; fileRef = 93C33AF92DC018A50081E771 /* UserService.swift */; };
		93C3A7D82D9DA402003396D0 /* AuthScreenModel.swift in Sources */ = {isa = PBXBuildFile; fileRef = 93C3A7D72D9DA402003396D0 /* AuthScreenModel.swift */; };
		93C3A7DA2D9DA442003396D0 /* SignUpScreen.swift in Sources */ = {isa = PBXBuildFile; fileRef = 93C3A7D92D9DA442003396D0 /* SignUpScreen.swift */; };
		93E01FF42DB822140008CFA6 /* ChatPartnerPickerScreen.swift in Sources */ = {isa = PBXBuildFile; fileRef = 93E01FF32DB822140008CFA6 /* ChatPartnerPickerScreen.swift */; };
		93E32E9B2D1A3AAC0019D125 /* Preview Assets.xcassets in Resources */ = {isa = PBXBuildFile; fileRef = 93E32E932D1A3AAC0019D125 /* Preview Assets.xcassets */; };
		93E32E9C2D1A3AAC0019D125 /* Assets.xcassets in Resources */ = {isa = PBXBuildFile; fileRef = 93E32E952D1A3AAC0019D125 /* Assets.xcassets */; };
		93E32E9D2D1A3AAC0019D125 /* CallsTabScreen.swift in Sources */ = {isa = PBXBuildFile; fileRef = 93E32E962D1A3AAC0019D125 /* CallsTabScreen.swift */; };
		93E32E9E2D1A3AAC0019D125 /* MainTabView.swift in Sources */ = {isa = PBXBuildFile; fileRef = 93E32E972D1A3AAC0019D125 /* MainTabView.swift */; };
		93E32E9F2D1A3AAC0019D125 /* SwiftUIMessengerApp.swift in Sources */ = {isa = PBXBuildFile; fileRef = 93E32E982D1A3AAC0019D125 /* SwiftUIMessengerApp.swift */; };
		93E32EA02D1A3AAC0019D125 /* UpdatesTabScreen.swift in Sources */ = {isa = PBXBuildFile; fileRef = 93E32E992D1A3AAC0019D125 /* UpdatesTabScreen.swift */; };
		93E32EAB2D1A3B540019D125 /* CommunityTabScreen.swift in Sources */ = {isa = PBXBuildFile; fileRef = 93E32EAA2D1A3B540019D125 /* CommunityTabScreen.swift */; };
		93E32EAE2D1A40F90019D125 /* ChannelTabScreen.swift in Sources */ = {isa = PBXBuildFile; fileRef = 93E32EAD2D1A40F90019D125 /* ChannelTabScreen.swift */; };
		93E32EB02D1A41070019D125 /* ChannelItemView.swift in Sources */ = {isa = PBXBuildFile; fileRef = 93E32EAF2D1A41070019D125 /* ChannelItemView.swift */; };
		93E32EB42D1A42800019D125 /* SettingsItem.swift in Sources */ = {isa = PBXBuildFile; fileRef = 93E32EB32D1A42800019D125 /* SettingsItem.swift */; };
		93E32EB62D1A428B0019D125 /* SettingsItemView.swift in Sources */ = {isa = PBXBuildFile; fileRef = 93E32EB52D1A428B0019D125 /* SettingsItemView.swift */; };
		93E32EB82D1A42940019D125 /* SettingsTabScreen.swift in Sources */ = {isa = PBXBuildFile; fileRef = 93E32EB72D1A42940019D125 /* SettingsTabScreen.swift */; };
		93E32EBC2D1A43620019D125 /* TextInputArea.swift in Sources */ = {isa = PBXBuildFile; fileRef = 93E32EBB2D1A43620019D125 /* TextInputArea.swift */; };
		93E32EBE2D1A43800019D125 /* ChatRoomScreen.swift in Sources */ = {isa = PBXBuildFile; fileRef = 93E32EBD2D1A43800019D125 /* ChatRoomScreen.swift */; };
		93E32EC02D1A49800019D125 /* MessageListController.swift in Sources */ = {isa = PBXBuildFile; fileRef = 93E32EBF2D1A49800019D125 /* MessageListController.swift */; };
		93E32EC22D1A49AA0019D125 /* MessageListView.swift in Sources */ = {isa = PBXBuildFile; fileRef = 93E32EC12D1A49AA0019D125 /* MessageListView.swift */; };
		93E32EC42D1A4B6C0019D125 /* BubbleTailView.swift in Sources */ = {isa = PBXBuildFile; fileRef = 93E32EC32D1A4B6C0019D125 /* BubbleTailView.swift */; };
		93E32EC62D1A4B750019D125 /* BubbleTextView.swift in Sources */ = {isa = PBXBuildFile; fileRef = 93E32EC52D1A4B750019D125 /* BubbleTextView.swift */; };
		93E32EC92D1A4BB80019D125 /* MessageItem.swift in Sources */ = {isa = PBXBuildFile; fileRef = 93E32EC82D1A4BB80019D125 /* MessageItem.swift */; };
		93E32ECC2D1A4F210019D125 /* BubbleTailModifier.swift in Sources */ = {isa = PBXBuildFile; fileRef = 93E32ECB2D1A4F210019D125 /* BubbleTailModifier.swift */; };
		93E32ECE2D1A51750019D125 /* BubbleImageView.swift in Sources */ = {isa = PBXBuildFile; fileRef = 93E32ECD2D1A51750019D125 /* BubbleImageView.swift */; };
		93E32ED02D1A53F00019D125 /* BubbleAudioView.swift in Sources */ = {isa = PBXBuildFile; fileRef = 93E32ECF2D1A53F00019D125 /* BubbleAudioView.swift */; };
		93E38ECC2DC73B8B006BBCD6 /* MessageItems+Types.swift in Sources */ = {isa = PBXBuildFile; fileRef = 93E38ECB2DC73B8B006BBCD6 /* MessageItems+Types.swift */; };
		93E57FD82DBA970D00AA7B3E /* ChatPartnerPickerViewModel.swift in Sources */ = {isa = PBXBuildFile; fileRef = 93E57FD72DBA970D00AA7B3E /* ChatPartnerPickerViewModel.swift */; };
		93F634292DCD8EE600D43990 /* MediaPlayerView.swift in Sources */ = {isa = PBXBuildFile; fileRef = 93F634282DCD8EE600D43990 /* MediaPlayerView.swift */; };
		93FFD3AD2DB14BAB00ACB1F6 /* RootScreen.swift in Sources */ = {isa = PBXBuildFile; fileRef = 93FFD3AC2DB14BAB00ACB1F6 /* RootScreen.swift */; };
		93FFD3AF2DB14BCD00ACB1F6 /* RootScreenModel.swift in Sources */ = {isa = PBXBuildFile; fileRef = 93FFD3AE2DB14BCD00ACB1F6 /* RootScreenModel.swift */; };
/* End PBXBuildFile section */

/* Begin PBXFileReference section */
		93012B2D2DCD1FCB0046F6AF /* MediaAttachmentPreview.swift */ = {isa = PBXFileReference; lastKnownFileType = sourcecode.swift; path = MediaAttachmentPreview.swift; sourceTree = "<group>"; };
		9314B15E2DB5E62900B3E17D /* UserItem.swift */ = {isa = PBXFileReference; lastKnownFileType = sourcecode.swift; path = UserItem.swift; sourceTree = "<group>"; };
		9314B1612DB5E69C00B3E17D /* FirebaseConstants.swift */ = {isa = PBXFileReference; lastKnownFileType = sourcecode.swift; path = FirebaseConstants.swift; sourceTree = "<group>"; };
		9314BDBA2DCD4FD5005FD9F0 /* PhotosPickerItem+Extensions.swift */ = {isa = PBXFileReference; lastKnownFileType = sourcecode.swift; path = "PhotosPickerItem+Extensions.swift"; sourceTree = "<group>"; };
		9314BDBC2DCD5423005FD9F0 /* MediaPickerItems_Types.swift */ = {isa = PBXFileReference; lastKnownFileType = sourcecode.swift; path = MediaPickerItems_Types.swift; sourceTree = "<group>"; };
		9314BDBE2DCD546D005FD9F0 /* URL+Extensions.swift */ = {isa = PBXFileReference; lastKnownFileType = sourcecode.swift; path = "URL+Extensions.swift"; sourceTree = "<group>"; };
		931DA3C32DBF20790035E069 /* GroupPartnerPickerScreen.swift */ = {isa = PBXFileReference; lastKnownFileType = sourcecode.swift; path = GroupPartnerPickerScreen.swift; sourceTree = "<group>"; };
		931DA3C52DBF20A90035E069 /* SelectedChatPartnerView.swift */ = {isa = PBXFileReference; lastKnownFileType = sourcecode.swift; path = SelectedChatPartnerView.swift; sourceTree = "<group>"; };
		931DA3C72DBF23CD0035E069 /* NewGroupSetUpScreen.swift */ = {isa = PBXFileReference; lastKnownFileType = sourcecode.swift; path = NewGroupSetUpScreen.swift; sourceTree = "<group>"; };
		93397DF62DCA6B5500B25F2E /* CircularProfileImageView.swift */ = {isa = PBXFileReference; lastKnownFileType = sourcecode.swift; path = CircularProfileImageView.swift; sourceTree = "<group>"; };
		93397DF82DCA6FAE00B25F2E /* Date+Extensions.swift */ = {isa = PBXFileReference; lastKnownFileType = sourcecode.swift; path = "Date+Extensions.swift"; sourceTree = "<group>"; };
		938441742DCA1C370083DEE0 /* ChannelCreationTextView.swift */ = {isa = PBXFileReference; lastKnownFileType = sourcecode.swift; path = ChannelCreationTextView.swift; sourceTree = "<group>"; };
		938441762DCA1CBB0083DEE0 /* AdminMessageTextView.swift */ = {isa = PBXFileReference; lastKnownFileType = sourcecode.swift; path = AdminMessageTextView.swift; sourceTree = "<group>"; };
		938711122DC0A18E0051F65A /* ChannelItem.swift */ = {isa = PBXFileReference; lastKnownFileType = sourcecode.swift; path = ChannelItem.swift; sourceTree = "<group>"; };
		938711142DC0A5B70051F65A /* ChannelTabViewModel.swift */ = {isa = PBXFileReference; lastKnownFileType = sourcecode.swift; path = ChannelTabViewModel.swift; sourceTree = "<group>"; };
		938711172DC0A8ED0051F65A /* String+Extensions.swift */ = {isa = PBXFileReference; lastKnownFileType = sourcecode.swift; path = "String+Extensions.swift"; sourceTree = "<group>"; };
		938E49172DA7B98500AA7E36 /* .gitignore */ = {isa = PBXFileReference; lastKnownFileType = text; path = .gitignore; sourceTree = "<group>"; };
		938E49192DA7BF0700AA7E36 /* AuthProvider.swift */ = {isa = PBXFileReference; lastKnownFileType = sourcecode.swift; path = AuthProvider.swift; sourceTree = "<group>"; };
		939294C42D9D7EB10090CBF9 /* LoginScreen.swift */ = {isa = PBXFileReference; lastKnownFileType = sourcecode.swift; path = LoginScreen.swift; sourceTree = "<group>"; };
		939294C62D9D7ED50090CBF9 /* AuthHeaderView.swift */ = {isa = PBXFileReference; lastKnownFileType = sourcecode.swift; path = AuthHeaderView.swift; sourceTree = "<group>"; };
		939294C82D9D7F1C0090CBF9 /* AuthTextField.swift */ = {isa = PBXFileReference; lastKnownFileType = sourcecode.swift; path = AuthTextField.swift; sourceTree = "<group>"; };
		939294CA2D9D7F440090CBF9 /* AuthButton.swift */ = {isa = PBXFileReference; lastKnownFileType = sourcecode.swift; path = AuthButton.swift; sourceTree = "<group>"; };
		93A0BB7F2D1630B400D4B9D6 /* SwiftUIMessenger.app */ = {isa = PBXFileReference; explicitFileType = wrapper.application; includeInIndex = 0; path = SwiftUIMessenger.app; sourceTree = BUILT_PRODUCTS_DIR; };
		93B52EE12DBA0CD7006EC529 /* ChatPartnerRowView.swift */ = {isa = PBXFileReference; lastKnownFileType = sourcecode.swift; path = ChatPartnerRowView.swift; sourceTree = "<group>"; };
		93B52EE42DBA126D006EC529 /* GoogleService-Info.plist */ = {isa = PBXFileReference; lastKnownFileType = text.plist.xml; path = "GoogleService-Info.plist"; sourceTree = "<group>"; };
		93C3375E2DC94AD700AEE806 /* ChatRoomViewModel.swift */ = {isa = PBXFileReference; lastKnownFileType = sourcecode.swift; path = ChatRoomViewModel.swift; sourceTree = "<group>"; };
		93C337602DC9632100AEE806 /* MessageService.swift */ = {isa = PBXFileReference; lastKnownFileType = sourcecode.swift; path = MessageService.swift; sourceTree = "<group>"; };
		93C33AF92DC018A50081E771 /* UserService.swift */ = {isa = PBXFileReference; lastKnownFileType = sourcecode.swift; path = UserService.swift; sourceTree = "<group>"; };
		93C3A7D72D9DA402003396D0 /* AuthScreenModel.swift */ = {isa = PBXFileReference; lastKnownFileType = sourcecode.swift; path = AuthScreenModel.swift; sourceTree = "<group>"; };
		93C3A7D92D9DA442003396D0 /* SignUpScreen.swift */ = {isa = PBXFileReference; lastKnownFileType = sourcecode.swift; path = SignUpScreen.swift; sourceTree = "<group>"; };
		93E01FF32DB822140008CFA6 /* ChatPartnerPickerScreen.swift */ = {isa = PBXFileReference; lastKnownFileType = sourcecode.swift; path = ChatPartnerPickerScreen.swift; sourceTree = "<group>"; };
		93E32E932D1A3AAC0019D125 /* Preview Assets.xcassets */ = {isa = PBXFileReference; lastKnownFileType = folder.assetcatalog; path = "Preview Assets.xcassets"; sourceTree = "<group>"; };
		93E32E952D1A3AAC0019D125 /* Assets.xcassets */ = {isa = PBXFileReference; lastKnownFileType = folder.assetcatalog; path = Assets.xcassets; sourceTree = "<group>"; };
		93E32E962D1A3AAC0019D125 /* CallsTabScreen.swift */ = {isa = PBXFileReference; lastKnownFileType = sourcecode.swift; path = CallsTabScreen.swift; sourceTree = "<group>"; };
		93E32E972D1A3AAC0019D125 /* MainTabView.swift */ = {isa = PBXFileReference; lastKnownFileType = sourcecode.swift; path = MainTabView.swift; sourceTree = "<group>"; };
		93E32E982D1A3AAC0019D125 /* SwiftUIMessengerApp.swift */ = {isa = PBXFileReference; lastKnownFileType = sourcecode.swift; path = SwiftUIMessengerApp.swift; sourceTree = "<group>"; };
		93E32E992D1A3AAC0019D125 /* UpdatesTabScreen.swift */ = {isa = PBXFileReference; lastKnownFileType = sourcecode.swift; path = UpdatesTabScreen.swift; sourceTree = "<group>"; };
		93E32EAA2D1A3B540019D125 /* CommunityTabScreen.swift */ = {isa = PBXFileReference; lastKnownFileType = sourcecode.swift; path = CommunityTabScreen.swift; sourceTree = "<group>"; };
		93E32EAD2D1A40F90019D125 /* ChannelTabScreen.swift */ = {isa = PBXFileReference; lastKnownFileType = sourcecode.swift; path = ChannelTabScreen.swift; sourceTree = "<group>"; };
		93E32EAF2D1A41070019D125 /* ChannelItemView.swift */ = {isa = PBXFileReference; lastKnownFileType = sourcecode.swift; path = ChannelItemView.swift; sourceTree = "<group>"; };
		93E32EB32D1A42800019D125 /* SettingsItem.swift */ = {isa = PBXFileReference; lastKnownFileType = sourcecode.swift; path = SettingsItem.swift; sourceTree = "<group>"; };
		93E32EB52D1A428B0019D125 /* SettingsItemView.swift */ = {isa = PBXFileReference; lastKnownFileType = sourcecode.swift; path = SettingsItemView.swift; sourceTree = "<group>"; };
		93E32EB72D1A42940019D125 /* SettingsTabScreen.swift */ = {isa = PBXFileReference; lastKnownFileType = sourcecode.swift; path = SettingsTabScreen.swift; sourceTree = "<group>"; };
		93E32EBB2D1A43620019D125 /* TextInputArea.swift */ = {isa = PBXFileReference; lastKnownFileType = sourcecode.swift; path = TextInputArea.swift; sourceTree = "<group>"; };
		93E32EBD2D1A43800019D125 /* ChatRoomScreen.swift */ = {isa = PBXFileReference; lastKnownFileType = sourcecode.swift; path = ChatRoomScreen.swift; sourceTree = "<group>"; };
		93E32EBF2D1A49800019D125 /* MessageListController.swift */ = {isa = PBXFileReference; lastKnownFileType = sourcecode.swift; path = MessageListController.swift; sourceTree = "<group>"; };
		93E32EC12D1A49AA0019D125 /* MessageListView.swift */ = {isa = PBXFileReference; lastKnownFileType = sourcecode.swift; path = MessageListView.swift; sourceTree = "<group>"; };
		93E32EC32D1A4B6C0019D125 /* BubbleTailView.swift */ = {isa = PBXFileReference; lastKnownFileType = sourcecode.swift; path = BubbleTailView.swift; sourceTree = "<group>"; };
		93E32EC52D1A4B750019D125 /* BubbleTextView.swift */ = {isa = PBXFileReference; lastKnownFileType = sourcecode.swift; path = BubbleTextView.swift; sourceTree = "<group>"; };
		93E32EC82D1A4BB80019D125 /* MessageItem.swift */ = {isa = PBXFileReference; lastKnownFileType = sourcecode.swift; path = MessageItem.swift; sourceTree = "<group>"; };
		93E32ECB2D1A4F210019D125 /* BubbleTailModifier.swift */ = {isa = PBXFileReference; lastKnownFileType = sourcecode.swift; path = BubbleTailModifier.swift; sourceTree = "<group>"; };
		93E32ECD2D1A51750019D125 /* BubbleImageView.swift */ = {isa = PBXFileReference; lastKnownFileType = sourcecode.swift; path = BubbleImageView.swift; sourceTree = "<group>"; };
		93E32ECF2D1A53F00019D125 /* BubbleAudioView.swift */ = {isa = PBXFileReference; lastKnownFileType = sourcecode.swift; path = BubbleAudioView.swift; sourceTree = "<group>"; };
		93E38ECB2DC73B8B006BBCD6 /* MessageItems+Types.swift */ = {isa = PBXFileReference; lastKnownFileType = sourcecode.swift; path = "MessageItems+Types.swift"; sourceTree = "<group>"; };
		93E57FD72DBA970D00AA7B3E /* ChatPartnerPickerViewModel.swift */ = {isa = PBXFileReference; lastKnownFileType = sourcecode.swift; path = ChatPartnerPickerViewModel.swift; sourceTree = "<group>"; };
		93F634282DCD8EE600D43990 /* MediaPlayerView.swift */ = {isa = PBXFileReference; lastKnownFileType = sourcecode.swift; path = MediaPlayerView.swift; sourceTree = "<group>"; };
		93FFD3AC2DB14BAB00ACB1F6 /* RootScreen.swift */ = {isa = PBXFileReference; lastKnownFileType = sourcecode.swift; path = RootScreen.swift; sourceTree = "<group>"; };
		93FFD3AE2DB14BCD00ACB1F6 /* RootScreenModel.swift */ = {isa = PBXFileReference; lastKnownFileType = sourcecode.swift; path = RootScreenModel.swift; sourceTree = "<group>"; };
/* End PBXFileReference section */

/* Begin PBXFrameworksBuildPhase section */
		93A0BB7C2D1630B400D4B9D6 /* Frameworks */ = {
			isa = PBXFrameworksBuildPhase;
			buildActionMask = 2147483647;
			files = (
				938E49112DA7B5DD00AA7E36 /* FirebaseMessaging in Frameworks */,
				938E49132DA7B5DD00AA7E36 /* FirebaseStorage in Frameworks */,
				938E490F2DA7B5DD00AA7E36 /* FirebaseDatabase in Frameworks */,
				938E490D2DA7B5DD00AA7E36 /* FirebaseAuth in Frameworks */,
				93397DF42DCA694D00B25F2E /* Kingfisher in Frameworks */,
			);
			runOnlyForDeploymentPostprocessing = 0;
		};
/* End PBXFrameworksBuildPhase section */

/* Begin PBXGroup section */
		9314B15D2DB5E5F300B3E17D /* Model */ = {
			isa = PBXGroup;
			children = (
				9314B15E2DB5E62900B3E17D /* UserItem.swift */,
			);
			path = Model;
			sourceTree = "<group>";
		};
		9314B1602DB5E68000B3E17D /* Utils */ = {
			isa = PBXGroup;
			children = (
				9314B1612DB5E69C00B3E17D /* FirebaseConstants.swift */,
			);
			path = Utils;
			sourceTree = "<group>";
		};
		93397DF52DCA6AF100B25F2E /* Components */ = {
			isa = PBXGroup;
			children = (
				93397DF62DCA6B5500B25F2E /* CircularProfileImageView.swift */,
				93F634282DCD8EE600D43990 /* MediaPlayerView.swift */,
			);
			path = Components;
			sourceTree = "<group>";
		};
		938711112DC0A0690051F65A /* Models */ = {
			isa = PBXGroup;
			children = (
				938711122DC0A18E0051F65A /* ChannelItem.swift */,
			);
			path = Models;
			sourceTree = "<group>";
		};
		938711162DC0A8CE0051F65A /* Extensions */ = {
			isa = PBXGroup;
			children = (
				938711172DC0A8ED0051F65A /* String+Extensions.swift */,
				93397DF82DCA6FAE00B25F2E /* Date+Extensions.swift */,
				9314BDBA2DCD4FD5005FD9F0 /* PhotosPickerItem+Extensions.swift */,
				9314BDBE2DCD546D005FD9F0 /* URL+Extensions.swift */,
			);
			path = Extensions;
			sourceTree = "<group>";
		};
		938E49182DA7BEF300AA7E36 /* Services */ = {
			isa = PBXGroup;
			children = (
				938E49192DA7BF0700AA7E36 /* AuthProvider.swift */,
			);
			path = Services;
			sourceTree = "<group>";
		};
		939294C02D9D7E680090CBF9 /* Auth */ = {
			isa = PBXGroup;
			children = (
				9314B15D2DB5E5F300B3E17D /* Model */,
				938E49182DA7BEF300AA7E36 /* Services */,
				93C3A7D62D9DA3E6003396D0 /* ViewModels */,
				939294C32D9D7E770090CBF9 /* Views */,
			);
			path = Auth;
			sourceTree = "<group>";
		};
		939294C32D9D7E770090CBF9 /* Views */ = {
			isa = PBXGroup;
			children = (
				939294C42D9D7EB10090CBF9 /* LoginScreen.swift */,
				939294C62D9D7ED50090CBF9 /* AuthHeaderView.swift */,
				939294C82D9D7F1C0090CBF9 /* AuthTextField.swift */,
				939294CA2D9D7F440090CBF9 /* AuthButton.swift */,
				93C3A7D92D9DA442003396D0 /* SignUpScreen.swift */,
			);
			path = Views;
			sourceTree = "<group>";
		};
		93A0BB762D1630B400D4B9D6 = {
			isa = PBXGroup;
			children = (
				938E49172DA7B98500AA7E36 /* .gitignore */,
				93E32E9A2D1A3AAC0019D125 /* SwiftUIMessenger */,
				93A0BB802D1630B400D4B9D6 /* Products */,
				93B52EE42DBA126D006EC529 /* GoogleService-Info.plist */,
			);
			sourceTree = "<group>";
		};
		93A0BB802D1630B400D4B9D6 /* Products */ = {
			isa = PBXGroup;
			children = (
				93A0BB7F2D1630B400D4B9D6 /* SwiftUIMessenger.app */,
			);
			name = Products;
			sourceTree = "<group>";
		};
		93C3375D2DC94AC300AEE806 /* ViewModels */ = {
			isa = PBXGroup;
			children = (
				93C3375E2DC94AD700AEE806 /* ChatRoomViewModel.swift */,
			);
			path = ViewModels;
			sourceTree = "<group>";
		};
		93C33AF82DC018900081E771 /* Service */ = {
			isa = PBXGroup;
			children = (
				93C33AF92DC018A50081E771 /* UserService.swift */,
				93C337602DC9632100AEE806 /* MessageService.swift */,
			);
			path = Service;
			sourceTree = "<group>";
		};
		93C3A7D62D9DA3E6003396D0 /* ViewModels */ = {
			isa = PBXGroup;
			children = (
				93C3A7D72D9DA402003396D0 /* AuthScreenModel.swift */,
			);
			path = ViewModels;
			sourceTree = "<group>";
		};
		93E32E942D1A3AAC0019D125 /* Preview Content */ = {
			isa = PBXGroup;
			children = (
				93E32E932D1A3AAC0019D125 /* Preview Assets.xcassets */,
			);
			path = "Preview Content";
			sourceTree = "<group>";
		};
		93E32E9A2D1A3AAC0019D125 /* SwiftUIMessenger */ = {
			isa = PBXGroup;
			children = (
				93397DF52DCA6AF100B25F2E /* Components */,
				938711162DC0A8CE0051F65A /* Extensions */,
				93C33AF82DC018900081E771 /* Service */,
				9314B1602DB5E68000B3E17D /* Utils */,
				93E32ECA2D1A4F1E0019D125 /* Helpers */,
				93E32EA12D1A3AB00019D125 /* Screens */,
				93E32E942D1A3AAC0019D125 /* Preview Content */,
				93E32E952D1A3AAC0019D125 /* Assets.xcassets */,
				93E32E972D1A3AAC0019D125 /* MainTabView.swift */,
				93E32E982D1A3AAC0019D125 /* SwiftUIMessengerApp.swift */,
			);
			path = SwiftUIMessenger;
			sourceTree = "<group>";
		};
		93E32EA12D1A3AB00019D125 /* Screens */ = {
			isa = PBXGroup;
			children = (
				93FFD3A92DB14B8000ACB1F6 /* Root */,
				939294C02D9D7E680090CBF9 /* Auth */,
				93E32EB92D1A43560019D125 /* Chat */,
				93E32EA62D1A3AE70019D125 /* Updates */,
				93E32EA52D1A3AE30019D125 /* Calls */,
				93E32EA42D1A3AD90019D125 /* Community */,
				93E32EA32D1A3ACB0019D125 /* Channel */,
				93E32EA22D1A3AC50019D125 /* Settings */,
			);
			path = Screens;
			sourceTree = "<group>";
		};
		93E32EA22D1A3AC50019D125 /* Settings */ = {
			isa = PBXGroup;
			children = (
				93E32EB22D1A42620019D125 /* Views */,
				93E32EB12D1A425D0019D125 /* Models */,
			);
			path = Settings;
			sourceTree = "<group>";
		};
		93E32EA32D1A3ACB0019D125 /* Channel */ = {
			isa = PBXGroup;
			children = (
				938711112DC0A0690051F65A /* Models */,
				93E57FD62DBA96F800AA7B3E /* ViewModel */,
				93E32EAC2D1A40E70019D125 /* Views */,
			);
			path = Channel;
			sourceTree = "<group>";
		};
		93E32EA42D1A3AD90019D125 /* Community */ = {
			isa = PBXGroup;
			children = (
				93E32EA72D1A3AF90019D125 /* Views */,
			);
			path = Community;
			sourceTree = "<group>";
		};
		93E32EA52D1A3AE30019D125 /* Calls */ = {
			isa = PBXGroup;
			children = (
				93E32EA82D1A3B050019D125 /* Views */,
			);
			path = Calls;
			sourceTree = "<group>";
		};
		93E32EA62D1A3AE70019D125 /* Updates */ = {
			isa = PBXGroup;
			children = (
				93E32EA92D1A3B1E0019D125 /* Views */,
			);
			path = Updates;
			sourceTree = "<group>";
		};
		93E32EA72D1A3AF90019D125 /* Views */ = {
			isa = PBXGroup;
			children = (
				93E32EAA2D1A3B540019D125 /* CommunityTabScreen.swift */,
			);
			path = Views;
			sourceTree = "<group>";
		};
		93E32EA82D1A3B050019D125 /* Views */ = {
			isa = PBXGroup;
			children = (
				93E32E962D1A3AAC0019D125 /* CallsTabScreen.swift */,
			);
			path = Views;
			sourceTree = "<group>";
		};
		93E32EA92D1A3B1E0019D125 /* Views */ = {
			isa = PBXGroup;
			children = (
				93E32E992D1A3AAC0019D125 /* UpdatesTabScreen.swift */,
			);
			path = Views;
			sourceTree = "<group>";
		};
		93E32EAC2D1A40E70019D125 /* Views */ = {
			isa = PBXGroup;
			children = (
				93E32EAD2D1A40F90019D125 /* ChannelTabScreen.swift */,
				93E32EAF2D1A41070019D125 /* ChannelItemView.swift */,
				93E01FF32DB822140008CFA6 /* ChatPartnerPickerScreen.swift */,
				931DA3C32DBF20790035E069 /* GroupPartnerPickerScreen.swift */,
				93B52EE12DBA0CD7006EC529 /* ChatPartnerRowView.swift */,
				931DA3C52DBF20A90035E069 /* SelectedChatPartnerView.swift */,
				931DA3C72DBF23CD0035E069 /* NewGroupSetUpScreen.swift */,
			);
			path = Views;
			sourceTree = "<group>";
		};
		93E32EB12D1A425D0019D125 /* Models */ = {
			isa = PBXGroup;
			children = (
				93E32EB32D1A42800019D125 /* SettingsItem.swift */,
			);
			path = Models;
			sourceTree = "<group>";
		};
		93E32EB22D1A42620019D125 /* Views */ = {
			isa = PBXGroup;
			children = (
				93E32EB72D1A42940019D125 /* SettingsTabScreen.swift */,
				93E32EB52D1A428B0019D125 /* SettingsItemView.swift */,
			);
			path = Views;
			sourceTree = "<group>";
		};
		93E32EB92D1A43560019D125 /* Chat */ = {
			isa = PBXGroup;
			children = (
				93C3375D2DC94AC300AEE806 /* ViewModels */,
				93E32EC72D1A4BAF0019D125 /* Models */,
				93E32EBA2D1A435B0019D125 /* Views */,
			);
			path = Chat;
			sourceTree = "<group>";
		};
		93E32EBA2D1A435B0019D125 /* Views */ = {
			isa = PBXGroup;
			children = (
				93E32ECF2D1A53F00019D125 /* BubbleAudioView.swift */,
				93E32ECD2D1A51750019D125 /* BubbleImageView.swift */,
				93E32EC52D1A4B750019D125 /* BubbleTextView.swift */,
				93E32EC32D1A4B6C0019D125 /* BubbleTailView.swift */,
				93E32EC12D1A49AA0019D125 /* MessageListView.swift */,
				93E32EBF2D1A49800019D125 /* MessageListController.swift */,
				93E32EBD2D1A43800019D125 /* ChatRoomScreen.swift */,
				93E32EBB2D1A43620019D125 /* TextInputArea.swift */,
				938441742DCA1C370083DEE0 /* ChannelCreationTextView.swift */,
				938441762DCA1CBB0083DEE0 /* AdminMessageTextView.swift */,
				93012B2D2DCD1FCB0046F6AF /* MediaAttachmentPreview.swift */,
			);
			path = Views;
			sourceTree = "<group>";
		};
		93E32EC72D1A4BAF0019D125 /* Models */ = {
			isa = PBXGroup;
			children = (
				93E32EC82D1A4BB80019D125 /* MessageItem.swift */,
				93E38ECB2DC73B8B006BBCD6 /* MessageItems+Types.swift */,
				9314BDBC2DCD5423005FD9F0 /* MediaPickerItems_Types.swift */,
			);
			path = Models;
			sourceTree = "<group>";
		};
		93E32ECA2D1A4F1E0019D125 /* Helpers */ = {
			isa = PBXGroup;
			children = (
				93E32ECB2D1A4F210019D125 /* BubbleTailModifier.swift */,
			);
			path = Helpers;
			sourceTree = "<group>";
		};
		93E57FD62DBA96F800AA7B3E /* ViewModel */ = {
			isa = PBXGroup;
			children = (
				93E57FD72DBA970D00AA7B3E /* ChatPartnerPickerViewModel.swift */,
				938711142DC0A5B70051F65A /* ChannelTabViewModel.swift */,
			);
			path = ViewModel;
			sourceTree = "<group>";
		};
		93FFD3A92DB14B8000ACB1F6 /* Root */ = {
			isa = PBXGroup;
			children = (
				93FFD3AB2DB14B9200ACB1F6 /* ViewModel */,
				93FFD3AA2DB14B8700ACB1F6 /* Views */,
			);
			path = Root;
			sourceTree = "<group>";
		};
		93FFD3AA2DB14B8700ACB1F6 /* Views */ = {
			isa = PBXGroup;
			children = (
				93FFD3AC2DB14BAB00ACB1F6 /* RootScreen.swift */,
			);
			path = Views;
			sourceTree = "<group>";
		};
		93FFD3AB2DB14B9200ACB1F6 /* ViewModel */ = {
			isa = PBXGroup;
			children = (
				93FFD3AE2DB14BCD00ACB1F6 /* RootScreenModel.swift */,
			);
			path = ViewModel;
			sourceTree = "<group>";
		};
/* End PBXGroup section */

/* Begin PBXNativeTarget section */
		93A0BB7E2D1630B400D4B9D6 /* SwiftUIMessenger */ = {
			isa = PBXNativeTarget;
			buildConfigurationList = 93A0BB8D2D1630B500D4B9D6 /* Build configuration list for PBXNativeTarget "SwiftUIMessenger" */;
			buildPhases = (
				93A0BB7B2D1630B400D4B9D6 /* Sources */,
				93A0BB7C2D1630B400D4B9D6 /* Frameworks */,
				93A0BB7D2D1630B400D4B9D6 /* Resources */,
			);
			buildRules = (
			);
			dependencies = (
			);
			name = SwiftUIMessenger;
			packageProductDependencies = (
				938E490C2DA7B5DD00AA7E36 /* FirebaseAuth */,
				938E490E2DA7B5DD00AA7E36 /* FirebaseDatabase */,
				938E49102DA7B5DD00AA7E36 /* FirebaseMessaging */,
				938E49122DA7B5DD00AA7E36 /* FirebaseStorage */,
				93397DF32DCA694D00B25F2E /* Kingfisher */,
			);
			productName = SwiftUIMessenger;
			productReference = 93A0BB7F2D1630B400D4B9D6 /* SwiftUIMessenger.app */;
			productType = "com.apple.product-type.application";
		};
/* End PBXNativeTarget section */

/* Begin PBXProject section */
		93A0BB772D1630B400D4B9D6 /* Project object */ = {
			isa = PBXProject;
			attributes = {
				BuildIndependentTargetsInParallel = 1;
				LastSwiftUpdateCheck = 1620;
				LastUpgradeCheck = 1630;
				TargetAttributes = {
					93A0BB7E2D1630B400D4B9D6 = {
						CreatedOnToolsVersion = 16.2;
					};
				};
			};
			buildConfigurationList = 93A0BB7A2D1630B400D4B9D6 /* Build configuration list for PBXProject "SwiftUIMessenger" */;
			developmentRegion = en;
			hasScannedForEncodings = 0;
			knownRegions = (
				en,
				Base,
			);
			mainGroup = 93A0BB762D1630B400D4B9D6;
			minimizedProjectReferenceProxies = 1;
			packageReferences = (
				938E490B2DA7B5DD00AA7E36 /* XCRemoteSwiftPackageReference "firebase-ios-sdk" */,
				93397DF22DCA694D00B25F2E /* XCRemoteSwiftPackageReference "Kingfisher" */,
			);
			preferredProjectObjectVersion = 77;
			productRefGroup = 93A0BB802D1630B400D4B9D6 /* Products */;
			projectDirPath = "";
			projectRoot = "";
			targets = (
				93A0BB7E2D1630B400D4B9D6 /* SwiftUIMessenger */,
			);
		};
/* End PBXProject section */

/* Begin PBXResourcesBuildPhase section */
		93A0BB7D2D1630B400D4B9D6 /* Resources */ = {
			isa = PBXResourcesBuildPhase;
			buildActionMask = 2147483647;
			files = (
				93E32E9B2D1A3AAC0019D125 /* Preview Assets.xcassets in Resources */,
				93E32E9C2D1A3AAC0019D125 /* Assets.xcassets in Resources */,
				93B52EE52DBA126D006EC529 /* GoogleService-Info.plist in Resources */,
			);
			runOnlyForDeploymentPostprocessing = 0;
		};
/* End PBXResourcesBuildPhase section */

/* Begin PBXSourcesBuildPhase section */
		93A0BB7B2D1630B400D4B9D6 /* Sources */ = {
			isa = PBXSourcesBuildPhase;
			buildActionMask = 2147483647;
			files = (
				93E32EBE2D1A43800019D125 /* ChatRoomScreen.swift in Sources */,
				939294CB2D9D7F440090CBF9 /* AuthButton.swift in Sources */,
				93FFD3AF2DB14BCD00ACB1F6 /* RootScreenModel.swift in Sources */,
				93397DF72DCA6B5500B25F2E /* CircularProfileImageView.swift in Sources */,
				93E32E9D2D1A3AAC0019D125 /* CallsTabScreen.swift in Sources */,
				9314BDBD2DCD5423005FD9F0 /* MediaPickerItems_Types.swift in Sources */,
				93E32E9E2D1A3AAC0019D125 /* MainTabView.swift in Sources */,
				9314B15F2DB5E62900B3E17D /* UserItem.swift in Sources */,
				939294C72D9D7ED50090CBF9 /* AuthHeaderView.swift in Sources */,
				93E32EC92D1A4BB80019D125 /* MessageItem.swift in Sources */,
				938711152DC0A5B70051F65A /* ChannelTabViewModel.swift in Sources */,
				931DA3C42DBF20790035E069 /* GroupPartnerPickerScreen.swift in Sources */,
				9314B1622DB5E69C00B3E17D /* FirebaseConstants.swift in Sources */,
				938E491A2DA7BF0700AA7E36 /* AuthProvider.swift in Sources */,
				93E32EAB2D1A3B540019D125 /* CommunityTabScreen.swift in Sources */,
				938441772DCA1CBB0083DEE0 /* AdminMessageTextView.swift in Sources */,
				93E32EC02D1A49800019D125 /* MessageListController.swift in Sources */,
				9314BDBF2DCD546D005FD9F0 /* URL+Extensions.swift in Sources */,
				938711182DC0A8ED0051F65A /* String+Extensions.swift in Sources */,
				93E32EC42D1A4B6C0019D125 /* BubbleTailView.swift in Sources */,
				93C3A7D82D9DA402003396D0 /* AuthScreenModel.swift in Sources */,
				93C337612DC9632100AEE806 /* MessageService.swift in Sources */,
				93FFD3AD2DB14BAB00ACB1F6 /* RootScreen.swift in Sources */,
				93C3375F2DC94AD700AEE806 /* ChatRoomViewModel.swift in Sources */,
				93012B2E2DCD1FCB0046F6AF /* MediaAttachmentPreview.swift in Sources */,
				938711132DC0A18E0051F65A /* ChannelItem.swift in Sources */,
				93E32EAE2D1A40F90019D125 /* ChannelTabScreen.swift in Sources */,
				93E32ECC2D1A4F210019D125 /* BubbleTailModifier.swift in Sources */,
				93E32ECE2D1A51750019D125 /* BubbleImageView.swift in Sources */,
				93E01FF42DB822140008CFA6 /* ChatPartnerPickerScreen.swift in Sources */,
				93C3A7DA2D9DA442003396D0 /* SignUpScreen.swift in Sources */,
				938441752DCA1C370083DEE0 /* ChannelCreationTextView.swift in Sources */,
				93E32EB82D1A42940019D125 /* SettingsTabScreen.swift in Sources */,
				939294C52D9D7EB10090CBF9 /* LoginScreen.swift in Sources */,
				93E32E9F2D1A3AAC0019D125 /* SwiftUIMessengerApp.swift in Sources */,
				93B52EE22DBA0CD7006EC529 /* ChatPartnerRowView.swift in Sources */,
				93E38ECC2DC73B8B006BBCD6 /* MessageItems+Types.swift in Sources */,
				93E32EC22D1A49AA0019D125 /* MessageListView.swift in Sources */,
				93E32EB42D1A42800019D125 /* SettingsItem.swift in Sources */,
				93E32EC62D1A4B750019D125 /* BubbleTextView.swift in Sources */,
				93E32EBC2D1A43620019D125 /* TextInputArea.swift in Sources */,
				931DA3C82DBF23CD0035E069 /* NewGroupSetUpScreen.swift in Sources */,
				931DA3C62DBF20A90035E069 /* SelectedChatPartnerView.swift in Sources */,
				939294C92D9D7F1C0090CBF9 /* AuthTextField.swift in Sources */,
				93397DF92DCA6FAE00B25F2E /* Date+Extensions.swift in Sources */,
				93C33AFA2DC018A50081E771 /* UserService.swift in Sources */,
				93E32EB62D1A428B0019D125 /* SettingsItemView.swift in Sources */,
				93E32ED02D1A53F00019D125 /* BubbleAudioView.swift in Sources */,
				93E32EB02D1A41070019D125 /* ChannelItemView.swift in Sources */,
				93E57FD82DBA970D00AA7B3E /* ChatPartnerPickerViewModel.swift in Sources */,
				93E32EA02D1A3AAC0019D125 /* UpdatesTabScreen.swift in Sources */,
				93F634292DCD8EE600D43990 /* MediaPlayerView.swift in Sources */,
				9314BDBB2DCD4FD5005FD9F0 /* PhotosPickerItem+Extensions.swift in Sources */,
			);
			runOnlyForDeploymentPostprocessing = 0;
		};
/* End PBXSourcesBuildPhase section */

/* Begin XCBuildConfiguration section */
		93A0BB8B2D1630B500D4B9D6 /* Debug */ = {
			isa = XCBuildConfiguration;
			buildSettings = {
				ALWAYS_SEARCH_USER_PATHS = NO;
				ASSETCATALOG_COMPILER_GENERATE_SWIFT_ASSET_SYMBOL_EXTENSIONS = YES;
				CLANG_ANALYZER_NONNULL = YES;
				CLANG_ANALYZER_NUMBER_OBJECT_CONVERSION = YES_AGGRESSIVE;
				CLANG_CXX_LANGUAGE_STANDARD = "gnu++20";
				CLANG_ENABLE_MODULES = YES;
				CLANG_ENABLE_OBJC_ARC = YES;
				CLANG_ENABLE_OBJC_WEAK = YES;
				CLANG_WARN_BLOCK_CAPTURE_AUTORELEASING = YES;
				CLANG_WARN_BOOL_CONVERSION = YES;
				CLANG_WARN_COMMA = YES;
				CLANG_WARN_CONSTANT_CONVERSION = YES;
				CLANG_WARN_DEPRECATED_OBJC_IMPLEMENTATIONS = YES;
				CLANG_WARN_DIRECT_OBJC_ISA_USAGE = YES_ERROR;
				CLANG_WARN_DOCUMENTATION_COMMENTS = YES;
				CLANG_WARN_EMPTY_BODY = YES;
				CLANG_WARN_ENUM_CONVERSION = YES;
				CLANG_WARN_INFINITE_RECURSION = YES;
				CLANG_WARN_INT_CONVERSION = YES;
				CLANG_WARN_NON_LITERAL_NULL_CONVERSION = YES;
				CLANG_WARN_OBJC_IMPLICIT_RETAIN_SELF = YES;
				CLANG_WARN_OBJC_LITERAL_CONVERSION = YES;
				CLANG_WARN_OBJC_ROOT_CLASS = YES_ERROR;
				CLANG_WARN_QUOTED_INCLUDE_IN_FRAMEWORK_HEADER = YES;
				CLANG_WARN_RANGE_LOOP_ANALYSIS = YES;
				CLANG_WARN_STRICT_PROTOTYPES = YES;
				CLANG_WARN_SUSPICIOUS_MOVE = YES;
				CLANG_WARN_UNGUARDED_AVAILABILITY = YES_AGGRESSIVE;
				CLANG_WARN_UNREACHABLE_CODE = YES;
				CLANG_WARN__DUPLICATE_METHOD_MATCH = YES;
				COPY_PHASE_STRIP = NO;
				DEBUG_INFORMATION_FORMAT = dwarf;
				DEVELOPMENT_TEAM = PRAK7FCXFF;
				ENABLE_STRICT_OBJC_MSGSEND = YES;
				ENABLE_TESTABILITY = YES;
				ENABLE_USER_SCRIPT_SANDBOXING = YES;
				GCC_C_LANGUAGE_STANDARD = gnu17;
				GCC_DYNAMIC_NO_PIC = NO;
				GCC_NO_COMMON_BLOCKS = YES;
				GCC_OPTIMIZATION_LEVEL = 0;
				GCC_PREPROCESSOR_DEFINITIONS = (
					"DEBUG=1",
					"$(inherited)",
				);
				GCC_WARN_64_TO_32_BIT_CONVERSION = YES;
				GCC_WARN_ABOUT_RETURN_TYPE = YES_ERROR;
				GCC_WARN_UNDECLARED_SELECTOR = YES;
				GCC_WARN_UNINITIALIZED_AUTOS = YES_AGGRESSIVE;
				GCC_WARN_UNUSED_FUNCTION = YES;
				GCC_WARN_UNUSED_VARIABLE = YES;
				IPHONEOS_DEPLOYMENT_TARGET = 18.2;
				LOCALIZATION_PREFERS_STRING_CATALOGS = YES;
				MTL_ENABLE_DEBUG_INFO = INCLUDE_SOURCE;
				MTL_FAST_MATH = YES;
				ONLY_ACTIVE_ARCH = YES;
				SDKROOT = iphoneos;
				SWIFT_ACTIVE_COMPILATION_CONDITIONS = "DEBUG $(inherited)";
				SWIFT_OPTIMIZATION_LEVEL = "-Onone";
			};
			name = Debug;
		};
		93A0BB8C2D1630B500D4B9D6 /* Release */ = {
			isa = XCBuildConfiguration;
			buildSettings = {
				ALWAYS_SEARCH_USER_PATHS = NO;
				ASSETCATALOG_COMPILER_GENERATE_SWIFT_ASSET_SYMBOL_EXTENSIONS = YES;
				CLANG_ANALYZER_NONNULL = YES;
				CLANG_ANALYZER_NUMBER_OBJECT_CONVERSION = YES_AGGRESSIVE;
				CLANG_CXX_LANGUAGE_STANDARD = "gnu++20";
				CLANG_ENABLE_MODULES = YES;
				CLANG_ENABLE_OBJC_ARC = YES;
				CLANG_ENABLE_OBJC_WEAK = YES;
				CLANG_WARN_BLOCK_CAPTURE_AUTORELEASING = YES;
				CLANG_WARN_BOOL_CONVERSION = YES;
				CLANG_WARN_COMMA = YES;
				CLANG_WARN_CONSTANT_CONVERSION = YES;
				CLANG_WARN_DEPRECATED_OBJC_IMPLEMENTATIONS = YES;
				CLANG_WARN_DIRECT_OBJC_ISA_USAGE = YES_ERROR;
				CLANG_WARN_DOCUMENTATION_COMMENTS = YES;
				CLANG_WARN_EMPTY_BODY = YES;
				CLANG_WARN_ENUM_CONVERSION = YES;
				CLANG_WARN_INFINITE_RECURSION = YES;
				CLANG_WARN_INT_CONVERSION = YES;
				CLANG_WARN_NON_LITERAL_NULL_CONVERSION = YES;
				CLANG_WARN_OBJC_IMPLICIT_RETAIN_SELF = YES;
				CLANG_WARN_OBJC_LITERAL_CONVERSION = YES;
				CLANG_WARN_OBJC_ROOT_CLASS = YES_ERROR;
				CLANG_WARN_QUOTED_INCLUDE_IN_FRAMEWORK_HEADER = YES;
				CLANG_WARN_RANGE_LOOP_ANALYSIS = YES;
				CLANG_WARN_STRICT_PROTOTYPES = YES;
				CLANG_WARN_SUSPICIOUS_MOVE = YES;
				CLANG_WARN_UNGUARDED_AVAILABILITY = YES_AGGRESSIVE;
				CLANG_WARN_UNREACHABLE_CODE = YES;
				CLANG_WARN__DUPLICATE_METHOD_MATCH = YES;
				COPY_PHASE_STRIP = NO;
				DEBUG_INFORMATION_FORMAT = "dwarf-with-dsym";
				DEVELOPMENT_TEAM = PRAK7FCXFF;
				ENABLE_NS_ASSERTIONS = NO;
				ENABLE_STRICT_OBJC_MSGSEND = YES;
				ENABLE_USER_SCRIPT_SANDBOXING = YES;
				GCC_C_LANGUAGE_STANDARD = gnu17;
				GCC_NO_COMMON_BLOCKS = YES;
				GCC_WARN_64_TO_32_BIT_CONVERSION = YES;
				GCC_WARN_ABOUT_RETURN_TYPE = YES_ERROR;
				GCC_WARN_UNDECLARED_SELECTOR = YES;
				GCC_WARN_UNINITIALIZED_AUTOS = YES_AGGRESSIVE;
				GCC_WARN_UNUSED_FUNCTION = YES;
				GCC_WARN_UNUSED_VARIABLE = YES;
				IPHONEOS_DEPLOYMENT_TARGET = 18.2;
				LOCALIZATION_PREFERS_STRING_CATALOGS = YES;
				MTL_ENABLE_DEBUG_INFO = NO;
				MTL_FAST_MATH = YES;
				SDKROOT = iphoneos;
				SWIFT_COMPILATION_MODE = wholemodule;
				VALIDATE_PRODUCT = YES;
			};
			name = Release;
		};
		93A0BB8E2D1630B500D4B9D6 /* Debug */ = {
			isa = XCBuildConfiguration;
			buildSettings = {
				ASSETCATALOG_COMPILER_APPICON_NAME = AppIcon;
				ASSETCATALOG_COMPILER_GLOBAL_ACCENT_COLOR_NAME = AccentColor;
				CODE_SIGN_STYLE = Automatic;
				CURRENT_PROJECT_VERSION = 1;
				DEVELOPMENT_ASSET_PATHS = "\"SwiftUIMessenger/Preview Content\"";
				ENABLE_PREVIEWS = YES;
				GENERATE_INFOPLIST_FILE = YES;
				INFOPLIST_KEY_UIApplicationSceneManifest_Generation = YES;
				INFOPLIST_KEY_UIApplicationSupportsIndirectInputEvents = YES;
				INFOPLIST_KEY_UILaunchScreen_Generation = YES;
				INFOPLIST_KEY_UISupportedInterfaceOrientations_iPad = "UIInterfaceOrientationPortrait UIInterfaceOrientationPortraitUpsideDown UIInterfaceOrientationLandscapeLeft UIInterfaceOrientationLandscapeRight";
				INFOPLIST_KEY_UISupportedInterfaceOrientations_iPhone = "UIInterfaceOrientationPortrait UIInterfaceOrientationLandscapeLeft UIInterfaceOrientationLandscapeRight";
				LD_RUNPATH_SEARCH_PATHS = (
					"$(inherited)",
					"@executable_path/Frameworks",
				);
				MARKETING_VERSION = 1.0;
				PRODUCT_BUNDLE_IDENTIFIER = com.siranli.development.SwiftUIMessenger;
				PRODUCT_NAME = "$(TARGET_NAME)";
				SWIFT_EMIT_LOC_STRINGS = YES;
				SWIFT_VERSION = 5.0;
				TARGETED_DEVICE_FAMILY = "1,2";
			};
			name = Debug;
		};
		93A0BB8F2D1630B500D4B9D6 /* Release */ = {
			isa = XCBuildConfiguration;
			buildSettings = {
				ASSETCATALOG_COMPILER_APPICON_NAME = AppIcon;
				ASSETCATALOG_COMPILER_GLOBAL_ACCENT_COLOR_NAME = AccentColor;
				CODE_SIGN_STYLE = Automatic;
				CURRENT_PROJECT_VERSION = 1;
				DEVELOPMENT_ASSET_PATHS = "\"SwiftUIMessenger/Preview Content\"";
				ENABLE_PREVIEWS = YES;
				GENERATE_INFOPLIST_FILE = YES;
				INFOPLIST_KEY_UIApplicationSceneManifest_Generation = YES;
				INFOPLIST_KEY_UIApplicationSupportsIndirectInputEvents = YES;
				INFOPLIST_KEY_UILaunchScreen_Generation = YES;
				INFOPLIST_KEY_UISupportedInterfaceOrientations_iPad = "UIInterfaceOrientationPortrait UIInterfaceOrientationPortraitUpsideDown UIInterfaceOrientationLandscapeLeft UIInterfaceOrientationLandscapeRight";
				INFOPLIST_KEY_UISupportedInterfaceOrientations_iPhone = "UIInterfaceOrientationPortrait UIInterfaceOrientationLandscapeLeft UIInterfaceOrientationLandscapeRight";
				LD_RUNPATH_SEARCH_PATHS = (
					"$(inherited)",
					"@executable_path/Frameworks",
				);
				MARKETING_VERSION = 1.0;
				PRODUCT_BUNDLE_IDENTIFIER = com.siranli.development.SwiftUIMessenger;
				PRODUCT_NAME = "$(TARGET_NAME)";
				SWIFT_EMIT_LOC_STRINGS = YES;
				SWIFT_VERSION = 5.0;
				TARGETED_DEVICE_FAMILY = "1,2";
			};
			name = Release;
		};
/* End XCBuildConfiguration section */

/* Begin XCConfigurationList section */
		93A0BB7A2D1630B400D4B9D6 /* Build configuration list for PBXProject "SwiftUIMessenger" */ = {
			isa = XCConfigurationList;
			buildConfigurations = (
				93A0BB8B2D1630B500D4B9D6 /* Debug */,
				93A0BB8C2D1630B500D4B9D6 /* Release */,
			);
			defaultConfigurationIsVisible = 0;
			defaultConfigurationName = Release;
		};
		93A0BB8D2D1630B500D4B9D6 /* Build configuration list for PBXNativeTarget "SwiftUIMessenger" */ = {
			isa = XCConfigurationList;
			buildConfigurations = (
				93A0BB8E2D1630B500D4B9D6 /* Debug */,
				93A0BB8F2D1630B500D4B9D6 /* Release */,
			);
			defaultConfigurationIsVisible = 0;
			defaultConfigurationName = Release;
		};
/* End XCConfigurationList section */

/* Begin XCRemoteSwiftPackageReference section */
		93397DF22DCA694D00B25F2E /* XCRemoteSwiftPackageReference "Kingfisher" */ = {
			isa = XCRemoteSwiftPackageReference;
			repositoryURL = "https://github.com/onevcat/Kingfisher.git";
			requirement = {
				kind = upToNextMajorVersion;
				minimumVersion = 8.3.2;
			};
		};
		938E490B2DA7B5DD00AA7E36 /* XCRemoteSwiftPackageReference "firebase-ios-sdk" */ = {
			isa = XCRemoteSwiftPackageReference;
			repositoryURL = "https://github.com/firebase/firebase-ios-sdk";
			requirement = {
				kind = upToNextMajorVersion;
				minimumVersion = 11.11.0;
			};
		};
/* End XCRemoteSwiftPackageReference section */

/* Begin XCSwiftPackageProductDependency section */
		93397DF32DCA694D00B25F2E /* Kingfisher */ = {
			isa = XCSwiftPackageProductDependency;
			package = 93397DF22DCA694D00B25F2E /* XCRemoteSwiftPackageReference "Kingfisher" */;
			productName = Kingfisher;
		};
		938E490C2DA7B5DD00AA7E36 /* FirebaseAuth */ = {
			isa = XCSwiftPackageProductDependency;
			package = 938E490B2DA7B5DD00AA7E36 /* XCRemoteSwiftPackageReference "firebase-ios-sdk" */;
			productName = FirebaseAuth;
		};
		938E490E2DA7B5DD00AA7E36 /* FirebaseDatabase */ = {
			isa = XCSwiftPackageProductDependency;
			package = 938E490B2DA7B5DD00AA7E36 /* XCRemoteSwiftPackageReference "firebase-ios-sdk" */;
			productName = FirebaseDatabase;
		};
		938E49102DA7B5DD00AA7E36 /* FirebaseMessaging */ = {
			isa = XCSwiftPackageProductDependency;
			package = 938E490B2DA7B5DD00AA7E36 /* XCRemoteSwiftPackageReference "firebase-ios-sdk" */;
			productName = FirebaseMessaging;
		};
		938E49122DA7B5DD00AA7E36 /* FirebaseStorage */ = {
			isa = XCSwiftPackageProductDependency;
			package = 938E490B2DA7B5DD00AA7E36 /* XCRemoteSwiftPackageReference "firebase-ios-sdk" */;
			productName = FirebaseStorage;
		};
/* End XCSwiftPackageProductDependency section */
	};
	rootObject = 93A0BB772D1630B400D4B9D6 /* Project object */;
}
