// !$*UTF8*$!
{
	archiveVersion = 1;
	classes = {
	};
	objectVersion = 77;
	objects = {

/* Begin PBXBuildFile section */
		939294C52D9D7EB10090CBF9 /* LoginScreen.swift in Sources */ = {isa = PBXBuildFile; fileRef = 939294C42D9D7EB10090CBF9 /* LoginScreen.swift */; };
		939294C72D9D7ED50090CBF9 /* AuthHeaderView.swift in Sources */ = {isa = PBXBuildFile; fileRef = 939294C62D9D7ED50090CBF9 /* AuthHeaderView.swift */; };
		939294C92D9D7F1C0090CBF9 /* AuthTextField.swift in Sources */ = {isa = PBXBuildFile; fileRef = 939294C82D9D7F1C0090CBF9 /* AuthTextField.swift */; };
		939294CB2D9D7F440090CBF9 /* AuthButton.swift in Sources */ = {isa = PBXBuildFile; fileRef = 939294CA2D9D7F440090CBF9 /* AuthButton.swift */; };
		93C3A7D82D9DA402003396D0 /* AuthScreenModel.swift in Sources */ = {isa = PBXBuildFile; fileRef = 93C3A7D72D9DA402003396D0 /* AuthScreenModel.swift */; };
		93C3A7DA2D9DA442003396D0 /* SignUpScreen.swift in Sources */ = {isa = PBXBuildFile; fileRef = 93C3A7D92D9DA442003396D0 /* SignUpScreen.swift */; };
		93E32E9B2D1A3AAC0019D125 /* Preview Assets.xcassets in Resources */ = {isa = PBXBuildFile; fileRef = 93E32E932D1A3AAC0019D125 /* Preview Assets.xcassets */; };
		93E32E9C2D1A3AAC0019D125 /* Assets.xcassets in Resources */ = {isa = PBXBuildFile; fileRef = 93E32E952D1A3AAC0019D125 /* Assets.xcassets */; };
		93E32E9D2D1A3AAC0019D125 /* CallsTabScreen.swift in Sources */ = {isa = PBXBuildFile; fileRef = 93E32E962D1A3AAC0019D125 /* CallsTabScreen.swift */; };
		93E32E9E2D1A3AAC0019D125 /* MainTabView.swift in Sources */ = {isa = PBXBuildFile; fileRef = 93E32E972D1A3AAC0019D125 /* MainTabView.swift */; };
		93E32E9F2D1A3AAC0019D125 /* SwiftUIMessengerApp.swift in Sources */ = {isa = PBXBuildFile; fileRef = 93E32E982D1A3AAC0019D125 /* SwiftUIMessengerApp.swift */; };
		93E32EA02D1A3AAC0019D125 /* UpdatesTabScreen.swift in Sources */ = {isa = PBXBuildFile; fileRef = 93E32E992D1A3AAC0019D125 /* UpdatesTabScreen.swift */; };
		93E32EAB2D1A3B540019D125 /* CommunityTabScreen.swift in Sources */ = {isa = PBXBuildFile; fileRef = 93E32EAA2D1A3B540019D125 /* CommunityTabScreen.swift */; };
		93E32EAE2D1A40F90019D125 /* ChannelTabScreen.swift in Sources */ = {isa = PBXBuildFile; fileRef = 93E32EAD2D1A40F90019D125 /* ChannelTabScreen.swift */; };
		93E32EB02D1A41070019D125 /* ChannelItemView.swift in Sources */ = {isa = PBXBuildFile; fileRef = 93E32EAF2D1A41070019D125 /* ChannelItemView.swift */; };
		93E32EB42D1A42800019D125 /* SettingsItem.swift in Sources */ = {isa = PBXBuildFile; fileRef = 93E32EB32D1A42800019D125 /* SettingsItem.swift */; };
		93E32EB62D1A428B0019D125 /* SettingsItemView.swift in Sources */ = {isa = PBXBuildFile; fileRef = 93E32EB52D1A428B0019D125 /* SettingsItemView.swift */; };
		93E32EB82D1A42940019D125 /* SettingsTabScreen.swift in Sources */ = {isa = PBXBuildFile; fileRef = 93E32EB72D1A42940019D125 /* SettingsTabScreen.swift */; };
		93E32EBC2D1A43620019D125 /* TextInputArea.swift in Sources */ = {isa = PBXBuildFile; fileRef = 93E32EBB2D1A43620019D125 /* TextInputArea.swift */; };
		93E32EBE2D1A43800019D125 /* ChatRoomScreen.swift in Sources */ = {isa = PBXBuildFile; fileRef = 93E32EBD2D1A43800019D125 /* ChatRoomScreen.swift */; };
		93E32EC02D1A49800019D125 /* MessageListController.swift in Sources */ = {isa = PBXBuildFile; fileRef = 93E32EBF2D1A49800019D125 /* MessageListController.swift */; };
		93E32EC22D1A49AA0019D125 /* MessageListView.swift in Sources */ = {isa = PBXBuildFile; fileRef = 93E32EC12D1A49AA0019D125 /* MessageListView.swift */; };
		93E32EC42D1A4B6C0019D125 /* BubbleTailView.swift in Sources */ = {isa = PBXBuildFile; fileRef = 93E32EC32D1A4B6C0019D125 /* BubbleTailView.swift */; };
		93E32EC62D1A4B750019D125 /* BubbleTextView.swift in Sources */ = {isa = PBXBuildFile; fileRef = 93E32EC52D1A4B750019D125 /* BubbleTextView.swift */; };
		93E32EC92D1A4BB80019D125 /* MessageItem.swift in Sources */ = {isa = PBXBuildFile; fileRef = 93E32EC82D1A4BB80019D125 /* MessageItem.swift */; };
		93E32ECC2D1A4F210019D125 /* BubbleTailModifier.swift in Sources */ = {isa = PBXBuildFile; fileRef = 93E32ECB2D1A4F210019D125 /* BubbleTailModifier.swift */; };
		93E32ECE2D1A51750019D125 /* BubbleImageView.swift in Sources */ = {isa = PBXBuildFile; fileRef = 93E32ECD2D1A51750019D125 /* BubbleImageView.swift */; };
		93E32ED02D1A53F00019D125 /* BubbleAudioView.swift in Sources */ = {isa = PBXBuildFile; fileRef = 93E32ECF2D1A53F00019D125 /* BubbleAudioView.swift */; };
/* End PBXBuildFile section */

/* Begin PBXFileReference section */
		939294C42D9D7EB10090CBF9 /* LoginScreen.swift */ = {isa = PBXFileReference; lastKnownFileType = sourcecode.swift; path = LoginScreen.swift; sourceTree = "<group>"; };
		939294C62D9D7ED50090CBF9 /* AuthHeaderView.swift */ = {isa = PBXFileReference; lastKnownFileType = sourcecode.swift; path = AuthHeaderView.swift; sourceTree = "<group>"; };
		939294C82D9D7F1C0090CBF9 /* AuthTextField.swift */ = {isa = PBXFileReference; lastKnownFileType = sourcecode.swift; path = AuthTextField.swift; sourceTree = "<group>"; };
		939294CA2D9D7F440090CBF9 /* AuthButton.swift */ = {isa = PBXFileReference; lastKnownFileType = sourcecode.swift; path = AuthButton.swift; sourceTree = "<group>"; };
		93A0BB7F2D1630B400D4B9D6 /* SwiftUIMessenger.app */ = {isa = PBXFileReference; explicitFileType = wrapper.application; includeInIndex = 0; path = SwiftUIMessenger.app; sourceTree = BUILT_PRODUCTS_DIR; };
		93C3A7D72D9DA402003396D0 /* AuthScreenModel.swift */ = {isa = PBXFileReference; lastKnownFileType = sourcecode.swift; path = AuthScreenModel.swift; sourceTree = "<group>"; };
		93C3A7D92D9DA442003396D0 /* SignUpScreen.swift */ = {isa = PBXFileReference; lastKnownFileType = sourcecode.swift; path = SignUpScreen.swift; sourceTree = "<group>"; };
		93E32E932D1A3AAC0019D125 /* Preview Assets.xcassets */ = {isa = PBXFileReference; lastKnownFileType = folder.assetcatalog; path = "Preview Assets.xcassets"; sourceTree = "<group>"; };
		93E32E952D1A3AAC0019D125 /* Assets.xcassets */ = {isa = PBXFileReference; lastKnownFileType = folder.assetcatalog; path = Assets.xcassets; sourceTree = "<group>"; };
		93E32E962D1A3AAC0019D125 /* CallsTabScreen.swift */ = {isa = PBXFileReference; lastKnownFileType = sourcecode.swift; path = CallsTabScreen.swift; sourceTree = "<group>"; };
		93E32E972D1A3AAC0019D125 /* MainTabView.swift */ = {isa = PBXFileReference; lastKnownFileType = sourcecode.swift; path = MainTabView.swift; sourceTree = "<group>"; };
		93E32E982D1A3AAC0019D125 /* SwiftUIMessengerApp.swift */ = {isa = PBXFileReference; lastKnownFileType = sourcecode.swift; path = SwiftUIMessengerApp.swift; sourceTree = "<group>"; };
		93E32E992D1A3AAC0019D125 /* UpdatesTabScreen.swift */ = {isa = PBXFileReference; lastKnownFileType = sourcecode.swift; path = UpdatesTabScreen.swift; sourceTree = "<group>"; };
		93E32EAA2D1A3B540019D125 /* CommunityTabScreen.swift */ = {isa = PBXFileReference; lastKnownFileType = sourcecode.swift; path = CommunityTabScreen.swift; sourceTree = "<group>"; };
		93E32EAD2D1A40F90019D125 /* ChannelTabScreen.swift */ = {isa = PBXFileReference; lastKnownFileType = sourcecode.swift; path = ChannelTabScreen.swift; sourceTree = "<group>"; };
		93E32EAF2D1A41070019D125 /* ChannelItemView.swift */ = {isa = PBXFileReference; lastKnownFileType = sourcecode.swift; path = ChannelItemView.swift; sourceTree = "<group>"; };
		93E32EB32D1A42800019D125 /* SettingsItem.swift */ = {isa = PBXFileReference; lastKnownFileType = sourcecode.swift; path = SettingsItem.swift; sourceTree = "<group>"; };
		93E32EB52D1A428B0019D125 /* SettingsItemView.swift */ = {isa = PBXFileReference; lastKnownFileType = sourcecode.swift; path = SettingsItemView.swift; sourceTree = "<group>"; };
		93E32EB72D1A42940019D125 /* SettingsTabScreen.swift */ = {isa = PBXFileReference; lastKnownFileType = sourcecode.swift; path = SettingsTabScreen.swift; sourceTree = "<group>"; };
		93E32EBB2D1A43620019D125 /* TextInputArea.swift */ = {isa = PBXFileReference; lastKnownFileType = sourcecode.swift; path = TextInputArea.swift; sourceTree = "<group>"; };
		93E32EBD2D1A43800019D125 /* ChatRoomScreen.swift */ = {isa = PBXFileReference; lastKnownFileType = sourcecode.swift; path = ChatRoomScreen.swift; sourceTree = "<group>"; };
		93E32EBF2D1A49800019D125 /* MessageListController.swift */ = {isa = PBXFileReference; lastKnownFileType = sourcecode.swift; path = MessageListController.swift; sourceTree = "<group>"; };
		93E32EC12D1A49AA0019D125 /* MessageListView.swift */ = {isa = PBXFileReference; lastKnownFileType = sourcecode.swift; path = MessageListView.swift; sourceTree = "<group>"; };
		93E32EC32D1A4B6C0019D125 /* BubbleTailView.swift */ = {isa = PBXFileReference; lastKnownFileType = sourcecode.swift; path = BubbleTailView.swift; sourceTree = "<group>"; };
		93E32EC52D1A4B750019D125 /* BubbleTextView.swift */ = {isa = PBXFileReference; lastKnownFileType = sourcecode.swift; path = BubbleTextView.swift; sourceTree = "<group>"; };
		93E32EC82D1A4BB80019D125 /* MessageItem.swift */ = {isa = PBXFileReference; lastKnownFileType = sourcecode.swift; path = MessageItem.swift; sourceTree = "<group>"; };
		93E32ECB2D1A4F210019D125 /* BubbleTailModifier.swift */ = {isa = PBXFileReference; lastKnownFileType = sourcecode.swift; path = BubbleTailModifier.swift; sourceTree = "<group>"; };
		93E32ECD2D1A51750019D125 /* BubbleImageView.swift */ = {isa = PBXFileReference; lastKnownFileType = sourcecode.swift; path = BubbleImageView.swift; sourceTree = "<group>"; };
		93E32ECF2D1A53F00019D125 /* BubbleAudioView.swift */ = {isa = PBXFileReference; lastKnownFileType = sourcecode.swift; path = BubbleAudioView.swift; sourceTree = "<group>"; };
/* End PBXFileReference section */

/* Begin PBXFrameworksBuildPhase section */
		93A0BB7C2D1630B400D4B9D6 /* Frameworks */ = {
			isa = PBXFrameworksBuildPhase;
			buildActionMask = 2147483647;
			files = (
			);
			runOnlyForDeploymentPostprocessing = 0;
		};
/* End PBXFrameworksBuildPhase section */

/* Begin PBXGroup section */
		939294C02D9D7E680090CBF9 /* Auth */ = {
			isa = PBXGroup;
			children = (
				93C3A7D62D9DA3E6003396D0 /* ViewModels */,
				939294C32D9D7E770090CBF9 /* Views */,
			);
			path = Auth;
			sourceTree = "<group>";
		};
		939294C32D9D7E770090CBF9 /* Views */ = {
			isa = PBXGroup;
			children = (
				939294C42D9D7EB10090CBF9 /* LoginScreen.swift */,
				939294C62D9D7ED50090CBF9 /* AuthHeaderView.swift */,
				939294C82D9D7F1C0090CBF9 /* AuthTextField.swift */,
				939294CA2D9D7F440090CBF9 /* AuthButton.swift */,
				93C3A7D92D9DA442003396D0 /* SignUpScreen.swift */,
			);
			path = Views;
			sourceTree = "<group>";
		};
		93A0BB762D1630B400D4B9D6 = {
			isa = PBXGroup;
			children = (
				93E32E9A2D1A3AAC0019D125 /* SwiftUIMessenger */,
				93A0BB802D1630B400D4B9D6 /* Products */,
			);
			sourceTree = "<group>";
		};
		93A0BB802D1630B400D4B9D6 /* Products */ = {
			isa = PBXGroup;
			children = (
				93A0BB7F2D1630B400D4B9D6 /* SwiftUIMessenger.app */,
			);
			name = Products;
			sourceTree = "<group>";
		};
		93C3A7D62D9DA3E6003396D0 /* ViewModels */ = {
			isa = PBXGroup;
			children = (
				93C3A7D72D9DA402003396D0 /* AuthScreenModel.swift */,
			);
			path = ViewModels;
			sourceTree = "<group>";
		};
		93E32E942D1A3AAC0019D125 /* Preview Content */ = {
			isa = PBXGroup;
			children = (
				93E32E932D1A3AAC0019D125 /* Preview Assets.xcassets */,
			);
			path = "Preview Content";
			sourceTree = "<group>";
		};
		93E32E9A2D1A3AAC0019D125 /* SwiftUIMessenger */ = {
			isa = PBXGroup;
			children = (
				93E32ECA2D1A4F1E0019D125 /* Helpers */,
				93E32EA12D1A3AB00019D125 /* Screens */,
				93E32E942D1A3AAC0019D125 /* Preview Content */,
				93E32E952D1A3AAC0019D125 /* Assets.xcassets */,
				93E32E972D1A3AAC0019D125 /* MainTabView.swift */,
				93E32E982D1A3AAC0019D125 /* SwiftUIMessengerApp.swift */,
			);
			path = SwiftUIMessenger;
			sourceTree = "<group>";
		};
		93E32EA12D1A3AB00019D125 /* Screens */ = {
			isa = PBXGroup;
			children = (
				939294C02D9D7E680090CBF9 /* Auth */,
				93E32EB92D1A43560019D125 /* Chat */,
				93E32EA62D1A3AE70019D125 /* Updates */,
				93E32EA52D1A3AE30019D125 /* Calls */,
				93E32EA42D1A3AD90019D125 /* Community */,
				93E32EA32D1A3ACB0019D125 /* Channel */,
				93E32EA22D1A3AC50019D125 /* Settings */,
			);
			path = Screens;
			sourceTree = "<group>";
		};
		93E32EA22D1A3AC50019D125 /* Settings */ = {
			isa = PBXGroup;
			children = (
				93E32EB22D1A42620019D125 /* Views */,
				93E32EB12D1A425D0019D125 /* Models */,
			);
			path = Settings;
			sourceTree = "<group>";
		};
		93E32EA32D1A3ACB0019D125 /* Channel */ = {
			isa = PBXGroup;
			children = (
				93E32EAC2D1A40E70019D125 /* Views */,
			);
			path = Channel;
			sourceTree = "<group>";
		};
		93E32EA42D1A3AD90019D125 /* Community */ = {
			isa = PBXGroup;
			children = (
				93E32EA72D1A3AF90019D125 /* Views */,
			);
			path = Community;
			sourceTree = "<group>";
		};
		93E32EA52D1A3AE30019D125 /* Calls */ = {
			isa = PBXGroup;
			children = (
				93E32EA82D1A3B050019D125 /* Views */,
			);
			path = Calls;
			sourceTree = "<group>";
		};
		93E32EA62D1A3AE70019D125 /* Updates */ = {
			isa = PBXGroup;
			children = (
				93E32EA92D1A3B1E0019D125 /* Views */,
			);
			path = Updates;
			sourceTree = "<group>";
		};
		93E32EA72D1A3AF90019D125 /* Views */ = {
			isa = PBXGroup;
			children = (
				93E32EAA2D1A3B540019D125 /* CommunityTabScreen.swift */,
			);
			path = Views;
			sourceTree = "<group>";
		};
		93E32EA82D1A3B050019D125 /* Views */ = {
			isa = PBXGroup;
			children = (
				93E32E962D1A3AAC0019D125 /* CallsTabScreen.swift */,
			);
			path = Views;
			sourceTree = "<group>";
		};
		93E32EA92D1A3B1E0019D125 /* Views */ = {
			isa = PBXGroup;
			children = (
				93E32E992D1A3AAC0019D125 /* UpdatesTabScreen.swift */,
			);
			path = Views;
			sourceTree = "<group>";
		};
		93E32EAC2D1A40E70019D125 /* Views */ = {
			isa = PBXGroup;
			children = (
				93E32EAF2D1A41070019D125 /* ChannelItemView.swift */,
				93E32EAD2D1A40F90019D125 /* ChannelTabScreen.swift */,
			);
			path = Views;
			sourceTree = "<group>";
		};
		93E32EB12D1A425D0019D125 /* Models */ = {
			isa = PBXGroup;
			children = (
				93E32EB32D1A42800019D125 /* SettingsItem.swift */,
			);
			path = Models;
			sourceTree = "<group>";
		};
		93E32EB22D1A42620019D125 /* Views */ = {
			isa = PBXGroup;
			children = (
				93E32EB72D1A42940019D125 /* SettingsTabScreen.swift */,
				93E32EB52D1A428B0019D125 /* SettingsItemView.swift */,
			);
			path = Views;
			sourceTree = "<group>";
		};
		93E32EB92D1A43560019D125 /* Chat */ = {
			isa = PBXGroup;
			children = (
				93E32EC72D1A4BAF0019D125 /* Models */,
				93E32EBA2D1A435B0019D125 /* Views */,
			);
			path = Chat;
			sourceTree = "<group>";
		};
		93E32EBA2D1A435B0019D125 /* Views */ = {
			isa = PBXGroup;
			children = (
				93E32ECF2D1A53F00019D125 /* BubbleAudioView.swift */,
				93E32ECD2D1A51750019D125 /* BubbleImageView.swift */,
				93E32EC52D1A4B750019D125 /* BubbleTextView.swift */,
				93E32EC32D1A4B6C0019D125 /* BubbleTailView.swift */,
				93E32EC12D1A49AA0019D125 /* MessageListView.swift */,
				93E32EBF2D1A49800019D125 /* MessageListController.swift */,
				93E32EBD2D1A43800019D125 /* ChatRoomScreen.swift */,
				93E32EBB2D1A43620019D125 /* TextInputArea.swift */,
			);
			path = Views;
			sourceTree = "<group>";
		};
		93E32EC72D1A4BAF0019D125 /* Models */ = {
			isa = PBXGroup;
			children = (
				93E32EC82D1A4BB80019D125 /* MessageItem.swift */,
			);
			path = Models;
			sourceTree = "<group>";
		};
		93E32ECA2D1A4F1E0019D125 /* Helpers */ = {
			isa = PBXGroup;
			children = (
				93E32ECB2D1A4F210019D125 /* BubbleTailModifier.swift */,
			);
			path = Helpers;
			sourceTree = "<group>";
		};
/* End PBXGroup section */

/* Begin PBXNativeTarget section */
		93A0BB7E2D1630B400D4B9D6 /* SwiftUIMessenger */ = {
			isa = PBXNativeTarget;
			buildConfigurationList = 93A0BB8D2D1630B500D4B9D6 /* Build configuration list for PBXNativeTarget "SwiftUIMessenger" */;
			buildPhases = (
				93A0BB7B2D1630B400D4B9D6 /* Sources */,
				93A0BB7C2D1630B400D4B9D6 /* Frameworks */,
				93A0BB7D2D1630B400D4B9D6 /* Resources */,
			);
			buildRules = (
			);
			dependencies = (
			);
			name = SwiftUIMessenger;
			packageProductDependencies = (
			);
			productName = SwiftUIMessenger;
			productReference = 93A0BB7F2D1630B400D4B9D6 /* SwiftUIMessenger.app */;
			productType = "com.apple.product-type.application";
		};
/* End PBXNativeTarget section */

/* Begin PBXProject section */
		93A0BB772D1630B400D4B9D6 /* Project object */ = {
			isa = PBXProject;
			attributes = {
				BuildIndependentTargetsInParallel = 1;
				LastSwiftUpdateCheck = 1620;
				LastUpgradeCheck = 1630;
				TargetAttributes = {
					93A0BB7E2D1630B400D4B9D6 = {
						CreatedOnToolsVersion = 16.2;
					};
				};
			};
			buildConfigurationList = 93A0BB7A2D1630B400D4B9D6 /* Build configuration list for PBXProject "SwiftUIMessenger" */;
			developmentRegion = en;
			hasScannedForEncodings = 0;
			knownRegions = (
				en,
				Base,
			);
			mainGroup = 93A0BB762D1630B400D4B9D6;
			minimizedProjectReferenceProxies = 1;
			preferredProjectObjectVersion = 77;
			productRefGroup = 93A0BB802D1630B400D4B9D6 /* Products */;
			projectDirPath = "";
			projectRoot = "";
			targets = (
				93A0BB7E2D1630B400D4B9D6 /* SwiftUIMessenger */,
			);
		};
/* End PBXProject section */

/* Begin PBXResourcesBuildPhase section */
		93A0BB7D2D1630B400D4B9D6 /* Resources */ = {
			isa = PBXResourcesBuildPhase;
			buildActionMask = 2147483647;
			files = (
				93E32E9B2D1A3AAC0019D125 /* Preview Assets.xcassets in Resources */,
				93E32E9C2D1A3AAC0019D125 /* Assets.xcassets in Resources */,
			);
			runOnlyForDeploymentPostprocessing = 0;
		};
/* End PBXResourcesBuildPhase section */

/* Begin PBXSourcesBuildPhase section */
		93A0BB7B2D1630B400D4B9D6 /* Sources */ = {
			isa = PBXSourcesBuildPhase;
			buildActionMask = 2147483647;
			files = (
				93E32EBE2D1A43800019D125 /* ChatRoomScreen.swift in Sources */,
				939294CB2D9D7F440090CBF9 /* AuthButton.swift in Sources */,
				93E32E9D2D1A3AAC0019D125 /* CallsTabScreen.swift in Sources */,
				93E32E9E2D1A3AAC0019D125 /* MainTabView.swift in Sources */,
				939294C72D9D7ED50090CBF9 /* AuthHeaderView.swift in Sources */,
				93E32EC92D1A4BB80019D125 /* MessageItem.swift in Sources */,
				93E32EAB2D1A3B540019D125 /* CommunityTabScreen.swift in Sources */,
				93E32EC02D1A49800019D125 /* MessageListController.swift in Sources */,
				93E32EC42D1A4B6C0019D125 /* BubbleTailView.swift in Sources */,
				93C3A7D82D9DA402003396D0 /* AuthScreenModel.swift in Sources */,
				93E32EAE2D1A40F90019D125 /* ChannelTabScreen.swift in Sources */,
				93E32ECC2D1A4F210019D125 /* BubbleTailModifier.swift in Sources */,
				93E32ECE2D1A51750019D125 /* BubbleImageView.swift in Sources */,
				93C3A7DA2D9DA442003396D0 /* SignUpScreen.swift in Sources */,
				93E32EB82D1A42940019D125 /* SettingsTabScreen.swift in Sources */,
				939294C52D9D7EB10090CBF9 /* LoginScreen.swift in Sources */,
				93E32E9F2D1A3AAC0019D125 /* SwiftUIMessengerApp.swift in Sources */,
				93E32EC22D1A49AA0019D125 /* MessageListView.swift in Sources */,
				93E32EB42D1A42800019D125 /* SettingsItem.swift in Sources */,
				93E32EC62D1A4B750019D125 /* BubbleTextView.swift in Sources */,
				93E32EBC2D1A43620019D125 /* TextInputArea.swift in Sources */,
				939294C92D9D7F1C0090CBF9 /* AuthTextField.swift in Sources */,
				93E32EB62D1A428B0019D125 /* SettingsItemView.swift in Sources */,
				93E32ED02D1A53F00019D125 /* BubbleAudioView.swift in Sources */,
				93E32EB02D1A41070019D125 /* ChannelItemView.swift in Sources */,
				93E32EA02D1A3AAC0019D125 /* UpdatesTabScreen.swift in Sources */,
			);
			runOnlyForDeploymentPostprocessing = 0;
		};
/* End PBXSourcesBuildPhase section */

/* Begin XCBuildConfiguration section */
		93A0BB8B2D1630B500D4B9D6 /* Debug */ = {
			isa = XCBuildConfiguration;
			buildSettings = {
				ALWAYS_SEARCH_USER_PATHS = NO;
				ASSETCATALOG_COMPILER_GENERATE_SWIFT_ASSET_SYMBOL_EXTENSIONS = YES;
				CLANG_ANALYZER_NONNULL = YES;
				CLANG_ANALYZER_NUMBER_OBJECT_CONVERSION = YES_AGGRESSIVE;
				CLANG_CXX_LANGUAGE_STANDARD = "gnu++20";
				CLANG_ENABLE_MODULES = YES;
				CLANG_ENABLE_OBJC_ARC = YES;
				CLANG_ENABLE_OBJC_WEAK = YES;
				CLANG_WARN_BLOCK_CAPTURE_AUTORELEASING = YES;
				CLANG_WARN_BOOL_CONVERSION = YES;
				CLANG_WARN_COMMA = YES;
				CLANG_WARN_CONSTANT_CONVERSION = YES;
				CLANG_WARN_DEPRECATED_OBJC_IMPLEMENTATIONS = YES;
				CLANG_WARN_DIRECT_OBJC_ISA_USAGE = YES_ERROR;
				CLANG_WARN_DOCUMENTATION_COMMENTS = YES;
				CLANG_WARN_EMPTY_BODY = YES;
				CLANG_WARN_ENUM_CONVERSION = YES;
				CLANG_WARN_INFINITE_RECURSION = YES;
				CLANG_WARN_INT_CONVERSION = YES;
				CLANG_WARN_NON_LITERAL_NULL_CONVERSION = YES;
				CLANG_WARN_OBJC_IMPLICIT_RETAIN_SELF = YES;
				CLANG_WARN_OBJC_LITERAL_CONVERSION = YES;
				CLANG_WARN_OBJC_ROOT_CLASS = YES_ERROR;
				CLANG_WARN_QUOTED_INCLUDE_IN_FRAMEWORK_HEADER = YES;
				CLANG_WARN_RANGE_LOOP_ANALYSIS = YES;
				CLANG_WARN_STRICT_PROTOTYPES = YES;
				CLANG_WARN_SUSPICIOUS_MOVE = YES;
				CLANG_WARN_UNGUARDED_AVAILABILITY = YES_AGGRESSIVE;
				CLANG_WARN_UNREACHABLE_CODE = YES;
				CLANG_WARN__DUPLICATE_METHOD_MATCH = YES;
				COPY_PHASE_STRIP = NO;
				DEBUG_INFORMATION_FORMAT = dwarf;
				DEVELOPMENT_TEAM = PRAK7FCXFF;
				ENABLE_STRICT_OBJC_MSGSEND = YES;
				ENABLE_TESTABILITY = YES;
				ENABLE_USER_SCRIPT_SANDBOXING = YES;
				GCC_C_LANGUAGE_STANDARD = gnu17;
				GCC_DYNAMIC_NO_PIC = NO;
				GCC_NO_COMMON_BLOCKS = YES;
				GCC_OPTIMIZATION_LEVEL = 0;
				GCC_PREPROCESSOR_DEFINITIONS = (
					"DEBUG=1",
					"$(inherited)",
				);
				GCC_WARN_64_TO_32_BIT_CONVERSION = YES;
				GCC_WARN_ABOUT_RETURN_TYPE = YES_ERROR;
				GCC_WARN_UNDECLARED_SELECTOR = YES;
				GCC_WARN_UNINITIALIZED_AUTOS = YES_AGGRESSIVE;
				GCC_WARN_UNUSED_FUNCTION = YES;
				GCC_WARN_UNUSED_VARIABLE = YES;
				IPHONEOS_DEPLOYMENT_TARGET = 18.2;
				LOCALIZATION_PREFERS_STRING_CATALOGS = YES;
				MTL_ENABLE_DEBUG_INFO = INCLUDE_SOURCE;
				MTL_FAST_MATH = YES;
				ONLY_ACTIVE_ARCH = YES;
				SDKROOT = iphoneos;
				SWIFT_ACTIVE_COMPILATION_CONDITIONS = "DEBUG $(inherited)";
				SWIFT_OPTIMIZATION_LEVEL = "-Onone";
			};
			name = Debug;
		};
		93A0BB8C2D1630B500D4B9D6 /* Release */ = {
			isa = XCBuildConfiguration;
			buildSettings = {
				ALWAYS_SEARCH_USER_PATHS = NO;
				ASSETCATALOG_COMPILER_GENERATE_SWIFT_ASSET_SYMBOL_EXTENSIONS = YES;
				CLANG_ANALYZER_NONNULL = YES;
				CLANG_ANALYZER_NUMBER_OBJECT_CONVERSION = YES_AGGRESSIVE;
				CLANG_CXX_LANGUAGE_STANDARD = "gnu++20";
				CLANG_ENABLE_MODULES = YES;
				CLANG_ENABLE_OBJC_ARC = YES;
				CLANG_ENABLE_OBJC_WEAK = YES;
				CLANG_WARN_BLOCK_CAPTURE_AUTORELEASING = YES;
				CLANG_WARN_BOOL_CONVERSION = YES;
				CLANG_WARN_COMMA = YES;
				CLANG_WARN_CONSTANT_CONVERSION = YES;
				CLANG_WARN_DEPRECATED_OBJC_IMPLEMENTATIONS = YES;
				CLANG_WARN_DIRECT_OBJC_ISA_USAGE = YES_ERROR;
				CLANG_WARN_DOCUMENTATION_COMMENTS = YES;
				CLANG_WARN_EMPTY_BODY = YES;
				CLANG_WARN_ENUM_CONVERSION = YES;
				CLANG_WARN_INFINITE_RECURSION = YES;
				CLANG_WARN_INT_CONVERSION = YES;
				CLANG_WARN_NON_LITERAL_NULL_CONVERSION = YES;
				CLANG_WARN_OBJC_IMPLICIT_RETAIN_SELF = YES;
				CLANG_WARN_OBJC_LITERAL_CONVERSION = YES;
				CLANG_WARN_OBJC_ROOT_CLASS = YES_ERROR;
				CLANG_WARN_QUOTED_INCLUDE_IN_FRAMEWORK_HEADER = YES;
				CLANG_WARN_RANGE_LOOP_ANALYSIS = YES;
				CLANG_WARN_STRICT_PROTOTYPES = YES;
				CLANG_WARN_SUSPICIOUS_MOVE = YES;
				CLANG_WARN_UNGUARDED_AVAILABILITY = YES_AGGRESSIVE;
				CLANG_WARN_UNREACHABLE_CODE = YES;
				CLANG_WARN__DUPLICATE_METHOD_MATCH = YES;
				COPY_PHASE_STRIP = NO;
				DEBUG_INFORMATION_FORMAT = "dwarf-with-dsym";
				DEVELOPMENT_TEAM = PRAK7FCXFF;
				ENABLE_NS_ASSERTIONS = NO;
				ENABLE_STRICT_OBJC_MSGSEND = YES;
				ENABLE_USER_SCRIPT_SANDBOXING = YES;
				GCC_C_LANGUAGE_STANDARD = gnu17;
				GCC_NO_COMMON_BLOCKS = YES;
				GCC_WARN_64_TO_32_BIT_CONVERSION = YES;
				GCC_WARN_ABOUT_RETURN_TYPE = YES_ERROR;
				GCC_WARN_UNDECLARED_SELECTOR = YES;
				GCC_WARN_UNINITIALIZED_AUTOS = YES_AGGRESSIVE;
				GCC_WARN_UNUSED_FUNCTION = YES;
				GCC_WARN_UNUSED_VARIABLE = YES;
				IPHONEOS_DEPLOYMENT_TARGET = 18.2;
				LOCALIZATION_PREFERS_STRING_CATALOGS = YES;
				MTL_ENABLE_DEBUG_INFO = NO;
				MTL_FAST_MATH = YES;
				SDKROOT = iphoneos;
				SWIFT_COMPILATION_MODE = wholemodule;
				VALIDATE_PRODUCT = YES;
			};
			name = Release;
		};
		93A0BB8E2D1630B500D4B9D6 /* Debug */ = {
			isa = XCBuildConfiguration;
			buildSettings = {
				ASSETCATALOG_COMPILER_APPICON_NAME = AppIcon;
				ASSETCATALOG_COMPILER_GLOBAL_ACCENT_COLOR_NAME = AccentColor;
				CODE_SIGN_STYLE = Automatic;
				CURRENT_PROJECT_VERSION = 1;
				DEVELOPMENT_ASSET_PATHS = "\"SwiftUIMessenger/Preview Content\"";
				ENABLE_PREVIEWS = YES;
				GENERATE_INFOPLIST_FILE = YES;
				INFOPLIST_KEY_UIApplicationSceneManifest_Generation = YES;
				INFOPLIST_KEY_UIApplicationSupportsIndirectInputEvents = YES;
				INFOPLIST_KEY_UILaunchScreen_Generation = YES;
				INFOPLIST_KEY_UISupportedInterfaceOrientations_iPad = "UIInterfaceOrientationPortrait UIInterfaceOrientationPortraitUpsideDown UIInterfaceOrientationLandscapeLeft UIInterfaceOrientationLandscapeRight";
				INFOPLIST_KEY_UISupportedInterfaceOrientations_iPhone = "UIInterfaceOrientationPortrait UIInterfaceOrientationLandscapeLeft UIInterfaceOrientationLandscapeRight";
				LD_RUNPATH_SEARCH_PATHS = (
					"$(inherited)",
					"@executable_path/Frameworks",
				);
				MARKETING_VERSION = 1.0;
				PRODUCT_BUNDLE_IDENTIFIER = com.siranli.development.SwiftUIMessenger;
				PRODUCT_NAME = "$(TARGET_NAME)";
				SWIFT_EMIT_LOC_STRINGS = YES;
				SWIFT_VERSION = 5.0;
				TARGETED_DEVICE_FAMILY = "1,2";
			};
			name = Debug;
		};
		93A0BB8F2D1630B500D4B9D6 /* Release */ = {
			isa = XCBuildConfiguration;
			buildSettings = {
				ASSETCATALOG_COMPILER_APPICON_NAME = AppIcon;
				ASSETCATALOG_COMPILER_GLOBAL_ACCENT_COLOR_NAME = AccentColor;
				CODE_SIGN_STYLE = Automatic;
				CURRENT_PROJECT_VERSION = 1;
				DEVELOPMENT_ASSET_PATHS = "\"SwiftUIMessenger/Preview Content\"";
				ENABLE_PREVIEWS = YES;
				GENERATE_INFOPLIST_FILE = YES;
				INFOPLIST_KEY_UIApplicationSceneManifest_Generation = YES;
				INFOPLIST_KEY_UIApplicationSupportsIndirectInputEvents = YES;
				INFOPLIST_KEY_UILaunchScreen_Generation = YES;
				INFOPLIST_KEY_UISupportedInterfaceOrientations_iPad = "UIInterfaceOrientationPortrait UIInterfaceOrientationPortraitUpsideDown UIInterfaceOrientationLandscapeLeft UIInterfaceOrientationLandscapeRight";
				INFOPLIST_KEY_UISupportedInterfaceOrientations_iPhone = "UIInterfaceOrientationPortrait UIInterfaceOrientationLandscapeLeft UIInterfaceOrientationLandscapeRight";
				LD_RUNPATH_SEARCH_PATHS = (
					"$(inherited)",
					"@executable_path/Frameworks",
				);
				MARKETING_VERSION = 1.0;
				PRODUCT_BUNDLE_IDENTIFIER = com.siranli.development.SwiftUIMessenger;
				PRODUCT_NAME = "$(TARGET_NAME)";
				SWIFT_EMIT_LOC_STRINGS = YES;
				SWIFT_VERSION = 5.0;
				TARGETED_DEVICE_FAMILY = "1,2";
			};
			name = Release;
		};
/* End XCBuildConfiguration section */

/* Begin XCConfigurationList section */
		93A0BB7A2D1630B400D4B9D6 /* Build configuration list for PBXProject "SwiftUIMessenger" */ = {
			isa = XCConfigurationList;
			buildConfigurations = (
				93A0BB8B2D1630B500D4B9D6 /* Debug */,
				93A0BB8C2D1630B500D4B9D6 /* Release */,
			);
			defaultConfigurationIsVisible = 0;
			defaultConfigurationName = Release;
		};
		93A0BB8D2D1630B500D4B9D6 /* Build configuration list for PBXNativeTarget "SwiftUIMessenger" */ = {
			isa = XCConfigurationList;
			buildConfigurations = (
				93A0BB8E2D1630B500D4B9D6 /* Debug */,
				93A0BB8F2D1630B500D4B9D6 /* Release */,
			);
			defaultConfigurationIsVisible = 0;
			defaultConfigurationName = Release;
		};
/* End XCConfigurationList section */
	};
	rootObject = 93A0BB772D1630B400D4B9D6 /* Project object */;
}
